// !$*UTF8*$!
{
	archiveVersion = 1;
	classes = {
	};
	objectVersion = 56;
	objects = {

/* Begin PBXBuildFile section */
		F9D60D012A76C69D00701635 /* QuranQuizApp.swift in Sources */ = {isa = PBXBuildFile; fileRef = F9D60D002A76C69D00701635 /* QuranQuizApp.swift */; };
		F9D60D052A76C69E00701635 /* Assets.xcassets in Resources */ = {isa = PBXBuildFile; fileRef = F9D60D042A76C69E00701635 /* Assets.xcassets */; };
		F9D60D082A76C69E00701635 /* Preview Assets.xcassets in Resources */ = {isa = PBXBuildFile; fileRef = F9D60D072A76C69E00701635 /* Preview Assets.xcassets */; };
		F9D60D152A76C6AC00701635 /* QuizViewModel.swift in Sources */ = {isa = PBXBuildFile; fileRef = F9D60D102A76C6AC00701635 /* QuizViewModel.swift */; };
		F9D60D162A76C6AC00701635 /* QuranModel.swift in Sources */ = {isa = PBXBuildFile; fileRef = F9D60D122A76C6AC00701635 /* QuranModel.swift */; };
		F9D60D172A76C6AC00701635 /* QuizView.swift in Sources */ = {isa = PBXBuildFile; fileRef = F9D60D142A76C6AC00701635 /* QuizView.swift */; };
		F9D60D1A2A76C6CA00701635 /* Bundle+Decode.swift in Sources */ = {isa = PBXBuildFile; fileRef = F9D60D192A76C6CA00701635 /* Bundle+Decode.swift */; };
		F9D60D222A76C6DB00701635 /* Al-Fatihah.json in Resources */ = {isa = PBXBuildFile; fileRef = F9D60D1E2A76C6DB00701635 /* Al-Fatihah.json */; };
		F9D60D232A76C6DB00701635 /* Quran.json in Resources */ = {isa = PBXBuildFile; fileRef = F9D60D1F2A76C6DB00701635 /* Quran.json */; };
		F9D60D282A76C6EF00701635 /* pdms-saleem-quranfont.ttf in Resources */ = {isa = PBXBuildFile; fileRef = F9D60D252A76C6EF00701635 /* pdms-saleem-quranfont.ttf */; };
		F9D60D292A76C6EF00701635 /* diwani-bent.ttf in Resources */ = {isa = PBXBuildFile; fileRef = F9D60D262A76C6EF00701635 /* diwani-bent.ttf */; };
		F9D60D2A2A76C6EF00701635 /* UthmanTN1Ver10.otf in Resources */ = {isa = PBXBuildFile; fileRef = F9D60D272A76C6EF00701635 /* UthmanTN1Ver10.otf */; };
		F9D60D2F2A77DD9600701635 /* QuizPDFPreview.swift in Sources */ = {isa = PBXBuildFile; fileRef = F9D60D2E2A77DD9600701635 /* QuizPDFPreview.swift */; };
		F9D60D312A77DE4800701635 /* Offers and Discounts.pdf in Resources */ = {isa = PBXBuildFile; fileRef = F9D60D302A77DE4800701635 /* Offers and Discounts.pdf */; };
		F9D60D332A77E01300701635 /* PDFCreator.swift in Sources */ = {isa = PBXBuildFile; fileRef = F9D60D322A77E01300701635 /* PDFCreator.swift */; };
		F9D60D362A7852F400701635 /* PDFDocument+Transferable.swift in Sources */ = {isa = PBXBuildFile; fileRef = F9D60D352A7852F400701635 /* PDFDocument+Transferable.swift */; };
		F9D60D392A78534B00701635 /* PDFKitView+UIViewRepresentable.swift in Sources */ = {isa = PBXBuildFile; fileRef = F9D60D382A78534B00701635 /* PDFKitView+UIViewRepresentable.swift */; };
/* End PBXBuildFile section */

/* Begin PBXFileReference section */
		F9D60CFD2A76C69D00701635 /* QuranQuiz.app */ = {isa = PBXFileReference; explicitFileType = wrapper.application; includeInIndex = 0; path = QuranQuiz.app; sourceTree = BUILT_PRODUCTS_DIR; };
		F9D60D002A76C69D00701635 /* QuranQuizApp.swift */ = {isa = PBXFileReference; lastKnownFileType = sourcecode.swift; path = QuranQuizApp.swift; sourceTree = "<group>"; };
		F9D60D042A76C69E00701635 /* Assets.xcassets */ = {isa = PBXFileReference; lastKnownFileType = folder.assetcatalog; path = Assets.xcassets; sourceTree = "<group>"; };
		F9D60D072A76C69E00701635 /* Preview Assets.xcassets */ = {isa = PBXFileReference; lastKnownFileType = folder.assetcatalog; path = "Preview Assets.xcassets"; sourceTree = "<group>"; };
		F9D60D102A76C6AC00701635 /* QuizViewModel.swift */ = {isa = PBXFileReference; fileEncoding = 4; lastKnownFileType = sourcecode.swift; path = QuizViewModel.swift; sourceTree = "<group>"; };
		F9D60D122A76C6AC00701635 /* QuranModel.swift */ = {isa = PBXFileReference; fileEncoding = 4; lastKnownFileType = sourcecode.swift; path = QuranModel.swift; sourceTree = "<group>"; };
		F9D60D142A76C6AC00701635 /* QuizView.swift */ = {isa = PBXFileReference; fileEncoding = 4; lastKnownFileType = sourcecode.swift; path = QuizView.swift; sourceTree = "<group>"; };
		F9D60D192A76C6CA00701635 /* Bundle+Decode.swift */ = {isa = PBXFileReference; fileEncoding = 4; lastKnownFileType = sourcecode.swift; path = "Bundle+Decode.swift"; sourceTree = "<group>"; };
		F9D60D1E2A76C6DB00701635 /* Al-Fatihah.json */ = {isa = PBXFileReference; fileEncoding = 4; lastKnownFileType = text.json; path = "Al-Fatihah.json"; sourceTree = "<group>"; };
		F9D60D1F2A76C6DB00701635 /* Quran.json */ = {isa = PBXFileReference; fileEncoding = 4; lastKnownFileType = text.json; path = Quran.json; sourceTree = "<group>"; };
		F9D60D252A76C6EF00701635 /* pdms-saleem-quranfont.ttf */ = {isa = PBXFileReference; lastKnownFileType = file; path = "pdms-saleem-quranfont.ttf"; sourceTree = "<group>"; };
		F9D60D262A76C6EF00701635 /* diwani-bent.ttf */ = {isa = PBXFileReference; lastKnownFileType = file; path = "diwani-bent.ttf"; sourceTree = "<group>"; };
		F9D60D272A76C6EF00701635 /* UthmanTN1Ver10.otf */ = {isa = PBXFileReference; lastKnownFileType = file; path = UthmanTN1Ver10.otf; sourceTree = "<group>"; };
		F9D60D2B2A76C6FE00701635 /* Info.plist */ = {isa = PBXFileReference; lastKnownFileType = text.plist; path = Info.plist; sourceTree = "<group>"; };
		F9D60D2E2A77DD9600701635 /* QuizPDFPreview.swift */ = {isa = PBXFileReference; lastKnownFileType = sourcecode.swift; path = QuizPDFPreview.swift; sourceTree = "<group>"; };
		F9D60D302A77DE4800701635 /* Offers and Discounts.pdf */ = {isa = PBXFileReference; lastKnownFileType = image.pdf; path = "Offers and Discounts.pdf"; sourceTree = "<group>"; };
		F9D60D322A77E01300701635 /* PDFCreator.swift */ = {isa = PBXFileReference; lastKnownFileType = sourcecode.swift; path = PDFCreator.swift; sourceTree = "<group>"; };
		F9D60D352A7852F400701635 /* PDFDocument+Transferable.swift */ = {isa = PBXFileReference; lastKnownFileType = sourcecode.swift; path = "PDFDocument+Transferable.swift"; sourceTree = "<group>"; };
		F9D60D382A78534B00701635 /* PDFKitView+UIViewRepresentable.swift */ = {isa = PBXFileReference; lastKnownFileType = sourcecode.swift; path = "PDFKitView+UIViewRepresentable.swift"; sourceTree = "<group>"; };
/* End PBXFileReference section */

/* Begin PBXFrameworksBuildPhase section */
		F9D60CFA2A76C69D00701635 /* Frameworks */ = {
			isa = PBXFrameworksBuildPhase;
			buildActionMask = 2147483647;
			files = (
			);
			runOnlyForDeploymentPostprocessing = 0;
		};
/* End PBXFrameworksBuildPhase section */

/* Begin PBXGroup section */
		F9D60CF42A76C69D00701635 = {
			isa = PBXGroup;
			children = (
				F9D60CFF2A76C69D00701635 /* QuranQuiz */,
				F9D60CFE2A76C69D00701635 /* Products */,
			);
			sourceTree = "<group>";
		};
		F9D60CFE2A76C69D00701635 /* Products */ = {
			isa = PBXGroup;
			children = (
				F9D60CFD2A76C69D00701635 /* QuranQuiz.app */,
			);
			name = Products;
			sourceTree = "<group>";
		};
		F9D60CFF2A76C69D00701635 /* QuranQuiz */ = {
			isa = PBXGroup;
			children = (
				F9D60D372A78531600701635 /* UIViewRepresentable */,
				F9D60D0E2A76C6AC00701635 /* Quiz */,
				F9D60D182A76C6BA00701635 /* Extensions */,
				F9D60D1B2A76C6DB00701635 /* JSON Files */,
				F9D60D2B2A76C6FE00701635 /* Info.plist */,
				F9D60D002A76C69D00701635 /* QuranQuizApp.swift */,
				F9D60D242A76C6EF00701635 /* fonts */,
				F9D60D302A77DE4800701635 /* Offers and Discounts.pdf */,
				F9D60D042A76C69E00701635 /* Assets.xcassets */,
				F9D60D062A76C69E00701635 /* Preview Content */,
			);
			path = QuranQuiz;
			sourceTree = "<group>";
		};
		F9D60D062A76C69E00701635 /* Preview Content */ = {
			isa = PBXGroup;
			children = (
				F9D60D072A76C69E00701635 /* Preview Assets.xcassets */,
			);
			path = "Preview Content";
			sourceTree = "<group>";
		};
		F9D60D0E2A76C6AC00701635 /* Quiz */ = {
			isa = PBXGroup;
			children = (
				F9D60D2C2A77DD7E00701635 /* PDFPreview */,
				F9D60D0F2A76C6AC00701635 /* ViewModel */,
				F9D60D112A76C6AC00701635 /* Model */,
				F9D60D132A76C6AC00701635 /* View */,
			);
			path = Quiz;
			sourceTree = "<group>";
		};
		F9D60D0F2A76C6AC00701635 /* ViewModel */ = {
			isa = PBXGroup;
			children = (
				F9D60D102A76C6AC00701635 /* QuizViewModel.swift */,
			);
			path = ViewModel;
			sourceTree = "<group>";
		};
		F9D60D112A76C6AC00701635 /* Model */ = {
			isa = PBXGroup;
			children = (
				F9D60D122A76C6AC00701635 /* QuranModel.swift */,
			);
			path = Model;
			sourceTree = "<group>";
		};
		F9D60D132A76C6AC00701635 /* View */ = {
			isa = PBXGroup;
			children = (
				F9D60D142A76C6AC00701635 /* QuizView.swift */,
			);
			path = View;
			sourceTree = "<group>";
		};
		F9D60D182A76C6BA00701635 /* Extensions */ = {
			isa = PBXGroup;
			children = (
				F9D60D192A76C6CA00701635 /* Bundle+Decode.swift */,
				F9D60D352A7852F400701635 /* PDFDocument+Transferable.swift */,
			);
			path = Extensions;
			sourceTree = "<group>";
		};
		F9D60D1B2A76C6DB00701635 /* JSON Files */ = {
			isa = PBXGroup;
			children = (
				F9D60D1E2A76C6DB00701635 /* Al-Fatihah.json */,
				F9D60D1F2A76C6DB00701635 /* Quran.json */,
			);
			path = "JSON Files";
			sourceTree = "<group>";
		};
		F9D60D242A76C6EF00701635 /* fonts */ = {
			isa = PBXGroup;
			children = (
				F9D60D252A76C6EF00701635 /* pdms-saleem-quranfont.ttf */,
				F9D60D262A76C6EF00701635 /* diwani-bent.ttf */,
				F9D60D272A76C6EF00701635 /* UthmanTN1Ver10.otf */,
			);
			path = fonts;
			sourceTree = "<group>";
		};
		F9D60D2C2A77DD7E00701635 /* PDFPreview */ = {
			isa = PBXGroup;
			children = (
				F9D60D342A77E01900701635 /* Utility */,
				F9D60D2D2A77DD8900701635 /* View */,
			);
			path = PDFPreview;
			sourceTree = "<group>";
		};
		F9D60D2D2A77DD8900701635 /* View */ = {
			isa = PBXGroup;
			children = (
				F9D60D2E2A77DD9600701635 /* QuizPDFPreview.swift */,
			);
			path = View;
			sourceTree = "<group>";
		};
		F9D60D342A77E01900701635 /* Utility */ = {
			isa = PBXGroup;
			children = (
				F9D60D322A77E01300701635 /* PDFCreator.swift */,
			);
			path = Utility;
			sourceTree = "<group>";
		};
		F9D60D372A78531600701635 /* UIViewRepresentable */ = {
			isa = PBXGroup;
			children = (
				F9D60D382A78534B00701635 /* PDFKitView+UIViewRepresentable.swift */,
			);
			path = UIViewRepresentable;
			sourceTree = "<group>";
		};
/* End PBXGroup section */

/* Begin PBXNativeTarget section */
		F9D60CFC2A76C69D00701635 /* QuranQuiz */ = {
			isa = PBXNativeTarget;
			buildConfigurationList = F9D60D0B2A76C69E00701635 /* Build configuration list for PBXNativeTarget "QuranQuiz" */;
			buildPhases = (
				F9D60CF92A76C69D00701635 /* Sources */,
				F9D60CFA2A76C69D00701635 /* Frameworks */,
				F9D60CFB2A76C69D00701635 /* Resources */,
			);
			buildRules = (
			);
			dependencies = (
			);
			name = QuranQuiz;
			productName = QuranQuiz;
			productReference = F9D60CFD2A76C69D00701635 /* QuranQuiz.app */;
			productType = "com.apple.product-type.application";
		};
/* End PBXNativeTarget section */

/* Begin PBXProject section */
		F9D60CF52A76C69D00701635 /* Project object */ = {
			isa = PBXProject;
			attributes = {
				BuildIndependentTargetsInParallel = 1;
				LastSwiftUpdateCheck = 1430;
				LastUpgradeCheck = 1430;
				TargetAttributes = {
					F9D60CFC2A76C69D00701635 = {
						CreatedOnToolsVersion = 14.3.1;
					};
				};
			};
			buildConfigurationList = F9D60CF82A76C69D00701635 /* Build configuration list for PBXProject "QuranQuiz" */;
			compatibilityVersion = "Xcode 14.0";
			developmentRegion = en;
			hasScannedForEncodings = 0;
			knownRegions = (
				en,
				Base,
			);
			mainGroup = F9D60CF42A76C69D00701635;
			productRefGroup = F9D60CFE2A76C69D00701635 /* Products */;
			projectDirPath = "";
			projectRoot = "";
			targets = (
				F9D60CFC2A76C69D00701635 /* QuranQuiz */,
			);
		};
/* End PBXProject section */

/* Begin PBXResourcesBuildPhase section */
		F9D60CFB2A76C69D00701635 /* Resources */ = {
			isa = PBXResourcesBuildPhase;
			buildActionMask = 2147483647;
			files = (
				F9D60D082A76C69E00701635 /* Preview Assets.xcassets in Resources */,
				F9D60D232A76C6DB00701635 /* Quran.json in Resources */,
				F9D60D2A2A76C6EF00701635 /* UthmanTN1Ver10.otf in Resources */,
				F9D60D282A76C6EF00701635 /* pdms-saleem-quranfont.ttf in Resources */,
				F9D60D312A77DE4800701635 /* Offers and Discounts.pdf in Resources */,
				F9D60D292A76C6EF00701635 /* diwani-bent.ttf in Resources */,
				F9D60D222A76C6DB00701635 /* Al-Fatihah.json in Resources */,
				F9D60D052A76C69E00701635 /* Assets.xcassets in Resources */,
			);
			runOnlyForDeploymentPostprocessing = 0;
		};
/* End PBXResourcesBuildPhase section */

/* Begin PBXSourcesBuildPhase section */
		F9D60CF92A76C69D00701635 /* Sources */ = {
			isa = PBXSourcesBuildPhase;
			buildActionMask = 2147483647;
			files = (
				F9D60D2F2A77DD9600701635 /* QuizPDFPreview.swift in Sources */,
				F9D60D362A7852F400701635 /* PDFDocument+Transferable.swift in Sources */,
				F9D60D1A2A76C6CA00701635 /* Bundle+Decode.swift in Sources */,
				F9D60D152A76C6AC00701635 /* QuizViewModel.swift in Sources */,
				F9D60D332A77E01300701635 /* PDFCreator.swift in Sources */,
				F9D60D172A76C6AC00701635 /* QuizView.swift in Sources */,
				F9D60D012A76C69D00701635 /* QuranQuizApp.swift in Sources */,
				F9D60D162A76C6AC00701635 /* QuranModel.swift in Sources */,
				F9D60D392A78534B00701635 /* PDFKitView+UIViewRepresentable.swift in Sources */,
			);
			runOnlyForDeploymentPostprocessing = 0;
		};
/* End PBXSourcesBuildPhase section */

/* Begin XCBuildConfiguration section */
		F9D60D092A76C69E00701635 /* Debug */ = {
			isa = XCBuildConfiguration;
			buildSettings = {
				ALWAYS_SEARCH_USER_PATHS = NO;
				CLANG_ANALYZER_NONNULL = YES;
				CLANG_ANALYZER_NUMBER_OBJECT_CONVERSION = YES_AGGRESSIVE;
				CLANG_CXX_LANGUAGE_STANDARD = "gnu++20";
				CLANG_ENABLE_MODULES = YES;
				CLANG_ENABLE_OBJC_ARC = YES;
				CLANG_ENABLE_OBJC_WEAK = YES;
				CLANG_WARN_BLOCK_CAPTURE_AUTORELEASING = YES;
				CLANG_WARN_BOOL_CONVERSION = YES;
				CLANG_WARN_COMMA = YES;
				CLANG_WARN_CONSTANT_CONVERSION = YES;
				CLANG_WARN_DEPRECATED_OBJC_IMPLEMENTATIONS = YES;
				CLANG_WARN_DIRECT_OBJC_ISA_USAGE = YES_ERROR;
				CLANG_WARN_DOCUMENTATION_COMMENTS = YES;
				CLANG_WARN_EMPTY_BODY = YES;
				CLANG_WARN_ENUM_CONVERSION = YES;
				CLANG_WARN_INFINITE_RECURSION = YES;
				CLANG_WARN_INT_CONVERSION = YES;
				CLANG_WARN_NON_LITERAL_NULL_CONVERSION = YES;
				CLANG_WARN_OBJC_IMPLICIT_RETAIN_SELF = YES;
				CLANG_WARN_OBJC_LITERAL_CONVERSION = YES;
				CLANG_WARN_OBJC_ROOT_CLASS = YES_ERROR;
				CLANG_WARN_QUOTED_INCLUDE_IN_FRAMEWORK_HEADER = YES;
				CLANG_WARN_RANGE_LOOP_ANALYSIS = YES;
				CLANG_WARN_STRICT_PROTOTYPES = YES;
				CLANG_WARN_SUSPICIOUS_MOVE = YES;
				CLANG_WARN_UNGUARDED_AVAILABILITY = YES_AGGRESSIVE;
				CLANG_WARN_UNREACHABLE_CODE = YES;
				CLANG_WARN__DUPLICATE_METHOD_MATCH = YES;
				COPY_PHASE_STRIP = NO;
				DEBUG_INFORMATION_FORMAT = dwarf;
				ENABLE_STRICT_OBJC_MSGSEND = YES;
				ENABLE_TESTABILITY = YES;
				GCC_C_LANGUAGE_STANDARD = gnu11;
				GCC_DYNAMIC_NO_PIC = NO;
				GCC_NO_COMMON_BLOCKS = YES;
				GCC_OPTIMIZATION_LEVEL = 0;
				GCC_PREPROCESSOR_DEFINITIONS = (
					"DEBUG=1",
					"$(inherited)",
				);
				GCC_WARN_64_TO_32_BIT_CONVERSION = YES;
				GCC_WARN_ABOUT_RETURN_TYPE = YES_ERROR;
				GCC_WARN_UNDECLARED_SELECTOR = YES;
				GCC_WARN_UNINITIALIZED_AUTOS = YES_AGGRESSIVE;
				GCC_WARN_UNUSED_FUNCTION = YES;
				GCC_WARN_UNUSED_VARIABLE = YES;
				IPHONEOS_DEPLOYMENT_TARGET = 16.4;
				MTL_ENABLE_DEBUG_INFO = INCLUDE_SOURCE;
				MTL_FAST_MATH = YES;
				ONLY_ACTIVE_ARCH = YES;
				SDKROOT = iphoneos;
				SWIFT_ACTIVE_COMPILATION_CONDITIONS = DEBUG;
				SWIFT_OPTIMIZATION_LEVEL = "-Onone";
			};
			name = Debug;
		};
		F9D60D0A2A76C69E00701635 /* Release */ = {
			isa = XCBuildConfiguration;
			buildSettings = {
				ALWAYS_SEARCH_USER_PATHS = NO;
				CLANG_ANALYZER_NONNULL = YES;
				CLANG_ANALYZER_NUMBER_OBJECT_CONVERSION = YES_AGGRESSIVE;
				CLANG_CXX_LANGUAGE_STANDARD = "gnu++20";
				CLANG_ENABLE_MODULES = YES;
				CLANG_ENABLE_OBJC_ARC = YES;
				CLANG_ENABLE_OBJC_WEAK = YES;
				CLANG_WARN_BLOCK_CAPTURE_AUTORELEASING = YES;
				CLANG_WARN_BOOL_CONVERSION = YES;
				CLANG_WARN_COMMA = YES;
				CLANG_WARN_CONSTANT_CONVERSION = YES;
				CLANG_WARN_DEPRECATED_OBJC_IMPLEMENTATIONS = YES;
				CLANG_WARN_DIRECT_OBJC_ISA_USAGE = YES_ERROR;
				CLANG_WARN_DOCUMENTATION_COMMENTS = YES;
				CLANG_WARN_EMPTY_BODY = YES;
				CLANG_WARN_ENUM_CONVERSION = YES;
				CLANG_WARN_INFINITE_RECURSION = YES;
				CLANG_WARN_INT_CONVERSION = YES;
				CLANG_WARN_NON_LITERAL_NULL_CONVERSION = YES;
				CLANG_WARN_OBJC_IMPLICIT_RETAIN_SELF = YES;
				CLANG_WARN_OBJC_LITERAL_CONVERSION = YES;
				CLANG_WARN_OBJC_ROOT_CLASS = YES_ERROR;
				CLANG_WARN_QUOTED_INCLUDE_IN_FRAMEWORK_HEADER = YES;
				CLANG_WARN_RANGE_LOOP_ANALYSIS = YES;
				CLANG_WARN_STRICT_PROTOTYPES = YES;
				CLANG_WARN_SUSPICIOUS_MOVE = YES;
				CLANG_WARN_UNGUARDED_AVAILABILITY = YES_AGGRESSIVE;
				CLANG_WARN_UNREACHABLE_CODE = YES;
				CLANG_WARN__DUPLICATE_METHOD_MATCH = YES;
				COPY_PHASE_STRIP = NO;
				DEBUG_INFORMATION_FORMAT = "dwarf-with-dsym";
				ENABLE_NS_ASSERTIONS = NO;
				ENABLE_STRICT_OBJC_MSGSEND = YES;
				GCC_C_LANGUAGE_STANDARD = gnu11;
				GCC_NO_COMMON_BLOCKS = YES;
				GCC_WARN_64_TO_32_BIT_CONVERSION = YES;
				GCC_WARN_ABOUT_RETURN_TYPE = YES_ERROR;
				GCC_WARN_UNDECLARED_SELECTOR = YES;
				GCC_WARN_UNINITIALIZED_AUTOS = YES_AGGRESSIVE;
				GCC_WARN_UNUSED_FUNCTION = YES;
				GCC_WARN_UNUSED_VARIABLE = YES;
				IPHONEOS_DEPLOYMENT_TARGET = 16.4;
				MTL_ENABLE_DEBUG_INFO = NO;
				MTL_FAST_MATH = YES;
				SDKROOT = iphoneos;
				SWIFT_COMPILATION_MODE = wholemodule;
				SWIFT_OPTIMIZATION_LEVEL = "-O";
				VALIDATE_PRODUCT = YES;
			};
			name = Release;
		};
		F9D60D0C2A76C69E00701635 /* Debug */ = {
			isa = XCBuildConfiguration;
			buildSettings = {
				ASSETCATALOG_COMPILER_APPICON_NAME = AppIcon;
				ASSETCATALOG_COMPILER_GLOBAL_ACCENT_COLOR_NAME = AccentColor;
				CODE_SIGN_STYLE = Automatic;
				CURRENT_PROJECT_VERSION = 1;
				DEVELOPMENT_ASSET_PATHS = "\"QuranQuiz/Preview Content\"";
				ENABLE_PREVIEWS = YES;
				GENERATE_INFOPLIST_FILE = YES;
				INFOPLIST_FILE = QuranQuiz/Info.plist;
				INFOPLIST_KEY_UIApplicationSceneManifest_Generation = YES;
				INFOPLIST_KEY_UIApplicationSupportsIndirectInputEvents = YES;
				INFOPLIST_KEY_UILaunchScreen_Generation = YES;
				INFOPLIST_KEY_UISupportedInterfaceOrientations_iPad = "UIInterfaceOrientationPortrait UIInterfaceOrientationPortraitUpsideDown UIInterfaceOrientationLandscapeLeft UIInterfaceOrientationLandscapeRight";
				INFOPLIST_KEY_UISupportedInterfaceOrientations_iPhone = "UIInterfaceOrientationPortrait UIInterfaceOrientationLandscapeLeft UIInterfaceOrientationLandscapeRight";
				LD_RUNPATH_SEARCH_PATHS = (
					"$(inherited)",
					"@executable_path/Frameworks",
				);
				MARKETING_VERSION = 1.0;
				PRODUCT_BUNDLE_IDENTIFIER = com.takasurazeem.QuranQuiz;
				PRODUCT_NAME = "$(TARGET_NAME)";
				SWIFT_EMIT_LOC_STRINGS = YES;
				SWIFT_VERSION = 5.0;
				TARGETED_DEVICE_FAMILY = "1,2";
			};
			name = Debug;
		};
		F9D60D0D2A76C69E00701635 /* Release */ = {
			isa = XCBuildConfiguration;
			buildSettings = {
				ASSETCATALOG_COMPILER_APPICON_NAME = AppIcon;
				ASSETCATALOG_COMPILER_GLOBAL_ACCENT_COLOR_NAME = AccentColor;
				CODE_SIGN_STYLE = Automatic;
				CURRENT_PROJECT_VERSION = 1;
				DEVELOPMENT_ASSET_PATHS = "\"QuranQuiz/Preview Content\"";
				ENABLE_PREVIEWS = YES;
				GENERATE_INFOPLIST_FILE = YES;
				INFOPLIST_FILE = QuranQuiz/Info.plist;
				INFOPLIST_KEY_UIApplicationSceneManifest_Generation = YES;
				INFOPLIST_KEY_UIApplicationSupportsIndirectInputEvents = YES;
				INFOPLIST_KEY_UILaunchScreen_Generation = YES;
				INFOPLIST_KEY_UISupportedInterfaceOrientations_iPad = "UIInterfaceOrientationPortrait UIInterfaceOrientationPortraitUpsideDown UIInterfaceOrientationLandscapeLeft UIInterfaceOrientationLandscapeRight";
				INFOPLIST_KEY_UISupportedInterfaceOrientations_iPhone = "UIInterfaceOrientationPortrait UIInterfaceOrientationLandscapeLeft UIInterfaceOrientationLandscapeRight";
				LD_RUNPATH_SEARCH_PATHS = (
					"$(inherited)",
					"@executable_path/Frameworks",
				);
				MARKETING_VERSION = 1.0;
				PRODUCT_BUNDLE_IDENTIFIER = com.takasurazeem.QuranQuiz;
				PRODUCT_NAME = "$(TARGET_NAME)";
				SWIFT_EMIT_LOC_STRINGS = YES;
				SWIFT_VERSION = 5.0;
				TARGETED_DEVICE_FAMILY = "1,2";
			};
			name = Release;
		};
/* End XCBuildConfiguration section */

/* Begin XCConfigurationList section */
		F9D60CF82A76C69D00701635 /* Build configuration list for PBXProject "QuranQuiz" */ = {
			isa = XCConfigurationList;
			buildConfigurations = (
				F9D60D092A76C69E00701635 /* Debug */,
				F9D60D0A2A76C69E00701635 /* Release */,
			);
			defaultConfigurationIsVisible = 0;
			defaultConfigurationName = Release;
		};
		F9D60D0B2A76C69E00701635 /* Build configuration list for PBXNativeTarget "QuranQuiz" */ = {
			isa = XCConfigurationList;
			buildConfigurations = (
				F9D60D0C2A76C69E00701635 /* Debug */,
				F9D60D0D2A76C69E00701635 /* Release */,
			);
			defaultConfigurationIsVisible = 0;
			defaultConfigurationName = Release;
		};
/* End XCConfigurationList section */
	};
	rootObject = F9D60CF52A76C69D00701635 /* Project object */;
}
