{
  "object": {
    "pins": [
      {
        "package": "GRDB",
        "repositoryURL": "https://github.com/groue/GRDB.swift",
        "state": {
          "branch": null,
          "revision": "ce63f697ed381383041d245b185af3c501de8bef",
          "version": "6.18.0"
        }
      },
      {
        "package": "NVActivityIndicatorView",
        "repositoryURL": "https://github.com/ninjaprox/NVActivityIndicatorView",
        "state": {
          "branch": null,
          "revision": "bcb52371f2259254bac6690f92bb474a61768c47",
          "version": "5.1.1"
        }
      },
      {
        "package": "Popover_OC",
        "repositoryURL": "https://github.com/mohamede1945/Popover",
        "state": {
          "branch": "master",
          "revision": "9641cb324d61554f7e542acb58df2eba55b3a537",
          "version": null
        }
      },
      {
        "package": "AsyncAlgorithms",
        "repositoryURL": "https://github.com/apple/swift-async-algorithms",
        "state": {
          "branch": null,
          "revision": "9cfed92b026c524674ed869a4ff2dcfdeedf8a2a",
          "version": "0.1.0"
        }
      },
      {
        "package": "swift-collections",
        "repositoryURL": "https://github.com/apple/swift-collections",
        "state": {
          "branch": null,
          "revision": "937e904258d22af6e447a0b72c0bc67583ef64a2",
          "version": "1.0.4"
        }
      },
      {
        "package": "swift-log",
        "repositoryURL": "https://github.com/apple/swift-log",
        "state": {
          "branch": null,
          "revision": "532d8b529501fb73a2455b179e0bbb6d49b652ed",
          "version": "1.5.3"
        }
      },
      {
        "package": "swift-snapshot-testing",
        "repositoryURL": "https://github.com/pointfreeco/swift-snapshot-testing.git",
        "state": {
          "branch": null,
          "revision": "696b86a6d151578bca7c1a2a3ed419a5f834d40f",
          "version": "1.13.0"
        }
      },
      {
        "package": "swift-syntax",
        "repositoryURL": "https://github.com/apple/swift-syntax.git",
        "state": {
          "branch": null,
          "revision": "74203046135342e4a4a627476dd6caf8b28fe11b",
          "version": "509.0.0"
        }
      },
      {
        "package": "WhatsNewKit",
        "repositoryURL": "https://github.com/SvenTiigi/WhatsNewKit.git",
        "state": {
          "branch": null,
          "revision": "92a9d6f5f6754aba0df972514fd7686f1de03bcc",
          "version": "1.3.7"
        }
      },
      {
        "package": "Zip",
        "repositoryURL": "https://github.com/marmelroy/Zip",
        "state": {
          "branch": null,
          "revision": "67fa55813b9e7b3b9acee9c0ae501def28746d76",
          "version": "2.1.2"
        }
      }
    ]
  },
  "version": 1
}
