// !$*UTF8*$!
{
	archiveVersion = 1;
	classes = {
	};
	objectVersion = 56;
	objects = {

/* Begin PBXBuildFile section */
		763539D02AB7943600CC27FD /* QuranKit in Frameworks */ = {isa = PBXBuildFile; productRef = 763539CF2AB7943600CC27FD /* QuranKit */; };
		763539D52AB7975500CC27FD /* ReadingService in Frameworks */ = {isa = PBXBuildFile; productRef = 763539D42AB7975500CC27FD /* ReadingService */; };
		763539D72AB7998A00CC27FD /* Localization in Frameworks */ = {isa = PBXBuildFile; productRef = 763539D62AB7998A00CC27FD /* Localization */; };
		763539D92AB799E500CC27FD /* QuranTextKit in Frameworks */ = {isa = PBXBuildFile; productRef = 763539D82AB799E500CC27FD /* QuranTextKit */; };
		76C1F8DB2AC2421900085DA2 /* QuizVerse.swift in Sources */ = {isa = PBXBuildFile; fileRef = 76C1F8DA2AC2421900085DA2 /* QuizVerse.swift */; };
		76C1F8DD2AC2444B00085DA2 /* WordForWordsMeaning.swift in Sources */ = {isa = PBXBuildFile; fileRef = 76C1F8DC2AC2444B00085DA2 /* WordForWordsMeaning.swift */; };
		F91766432AC0FF2800792D2F /* SelectVersesForWordsMeaningView.swift in Sources */ = {isa = PBXBuildFile; fileRef = F91766422AC0FF2800792D2F /* SelectVersesForWordsMeaningView.swift */; };
		F917664B2AC3A3DC00792D2F /* FlexibleView.swift in Sources */ = {isa = PBXBuildFile; fileRef = F91766472AC3A3DC00792D2F /* FlexibleView.swift */; };
		F917664C2AC3A3DC00792D2F /* FlexibleViewContainer.swift in Sources */ = {isa = PBXBuildFile; fileRef = F91766482AC3A3DC00792D2F /* FlexibleViewContainer.swift */; };
		F917664D2AC3A3DC00792D2F /* _FlexibleView.swift in Sources */ = {isa = PBXBuildFile; fileRef = F91766492AC3A3DC00792D2F /* _FlexibleView.swift */; };
		F917664E2AC3A3DC00792D2F /* SizeReader.swift in Sources */ = {isa = PBXBuildFile; fileRef = F917664A2AC3A3DC00792D2F /* SizeReader.swift */; };
		F91766502AC3A47900792D2F /* README.md in Resources */ = {isa = PBXBuildFile; fileRef = F917664F2AC3A47900792D2F /* README.md */; };
		F91839492AB7AF2800E4D45B /* Sura+localizedName.swift in Sources */ = {isa = PBXBuildFile; fileRef = F91839482AB7AF2800E4D45B /* Sura+localizedName.swift */; };
		F918394B2AB7B10E00E4D45B /* SuraListView.swift in Sources */ = {isa = PBXBuildFile; fileRef = F918394A2AB7B10E00E4D45B /* SuraListView.swift */; };
		F918394D2AB7B69900E4D45B /* SuraNameView.swift in Sources */ = {isa = PBXBuildFile; fileRef = F918394C2AB7B69900E4D45B /* SuraNameView.swift */; };
		F91839532AB7C86500E4D45B /* Analytics in Frameworks */ = {isa = PBXBuildFile; productRef = F91839522AB7C86500E4D45B /* Analytics */; };
		F91839552AB7C90000E4D45B /* LastPagePersistence in Frameworks */ = {isa = PBXBuildFile; productRef = F91839542AB7C90000E4D45B /* LastPagePersistence */; };
		F91839572AB7C90000E4D45B /* NotePersistence in Frameworks */ = {isa = PBXBuildFile; productRef = F91839562AB7C90000E4D45B /* NotePersistence */; };
		F91839592AB7CB6300E4D45B /* CoreDataModel in Frameworks */ = {isa = PBXBuildFile; productRef = F91839582AB7CB6300E4D45B /* CoreDataModel */; };
		F918395B2AB7CB6300E4D45B /* CoreDataPersistence in Frameworks */ = {isa = PBXBuildFile; productRef = F918395A2AB7CB6300E4D45B /* CoreDataPersistence */; };
		F918395D2AB7CB6300E4D45B /* CoreDataPersistenceTestSupport in Frameworks */ = {isa = PBXBuildFile; productRef = F918395C2AB7CB6300E4D45B /* CoreDataPersistenceTestSupport */; };
		F918395F2AB7CDA700E4D45B /* AppStructureFeature in Frameworks */ = {isa = PBXBuildFile; productRef = F918395E2AB7CDA700E4D45B /* AppStructureFeature */; };
		F91839622AB7D0BA00E4D45B /* LoggingAnalyticsLibrary.swift in Sources */ = {isa = PBXBuildFile; fileRef = F91839612AB7D0BA00E4D45B /* LoggingAnalyticsLibrary.swift */; };
		F91839662AB7D98D00E4D45B /* VerseListView.swift in Sources */ = {isa = PBXBuildFile; fileRef = F91839652AB7D98D00E4D45B /* VerseListView.swift */; };
		F94C11BB2AB2986D004BAD10 /* pdms-saleem-quranfont.ttf in Resources */ = {isa = PBXBuildFile; fileRef = F9D60D252A76C6EF00701635 /* pdms-saleem-quranfont.ttf */; };
		F94C11BC2AB2986D004BAD10 /* NotoNastaliqUrdu-VariableFont_wght.ttf in Resources */ = {isa = PBXBuildFile; fileRef = F952CFCA2A903FFB0039478F /* NotoNastaliqUrdu-VariableFont_wght.ttf */; };
		F94C11BD2AB2986D004BAD10 /* diwani-bent.ttf in Resources */ = {isa = PBXBuildFile; fileRef = F9D60D262A76C6EF00701635 /* diwani-bent.ttf */; };
		F94C11C12AB2986D004BAD10 /* Jameel Noori Nastaleeq Regular.ttf in Resources */ = {isa = PBXBuildFile; fileRef = F952CFCB2A90425D0039478F /* Jameel Noori Nastaleeq Regular.ttf */; };
		F94C11C22AB2986D004BAD10 /* UthmanTN1Ver10.otf in Resources */ = {isa = PBXBuildFile; fileRef = F9D60D272A76C6EF00701635 /* UthmanTN1Ver10.otf */; };
		F94C11C42AB2F962004BAD10 /* AppDependencyContainer.swift in Sources */ = {isa = PBXBuildFile; fileRef = F94C11C32AB2F962004BAD10 /* AppDependencyContainer.swift */; };
		F950FAE32AB4BA6400CB45B5 /* SurasTests.swift in Sources */ = {isa = PBXBuildFile; fileRef = F950FAE22AB4BA6400CB45B5 /* SurasTests.swift */; };
		F952CFC92A90273C0039478F /* Quran_ur.json in Resources */ = {isa = PBXBuildFile; fileRef = F952CFC82A90273C0039478F /* Quran_ur.json */; };
		F952CFD22A96D6BA0039478F /* String+size.swift in Sources */ = {isa = PBXBuildFile; fileRef = F952CFD12A96D6BA0039478F /* String+size.swift */; };
		F952CFD42A96D6E50039478F /* NSAttributedString+size.swift in Sources */ = {isa = PBXBuildFile; fileRef = F952CFD32A96D6E50039478F /* NSAttributedString+size.swift */; };
		F964477A2AB454F200DB5412 /* QuranRepository.swift in Sources */ = {isa = PBXBuildFile; fileRef = F96447792AB454F200DB5412 /* QuranRepository.swift */; };
		F964477C2AB4561900DB5412 /* MainQuranRepository.swift in Sources */ = {isa = PBXBuildFile; fileRef = F964477B2AB4561900DB5412 /* MainQuranRepository.swift */; };
		F964477F2AB457AE00DB5412 /* QuranService.swift in Sources */ = {isa = PBXBuildFile; fileRef = F964477E2AB457AE00DB5412 /* QuranService.swift */; };
		F96447812AB457B400DB5412 /* MainQuranService.swift in Sources */ = {isa = PBXBuildFile; fileRef = F96447802AB457B400DB5412 /* MainQuranService.swift */; };
		F96447852AB466CC00DB5412 /* QuranProvider.swift in Sources */ = {isa = PBXBuildFile; fileRef = F96447842AB466CC00DB5412 /* QuranProvider.swift */; };
		F96447872AB466FA00DB5412 /* MainQuranProvider.swift in Sources */ = {isa = PBXBuildFile; fileRef = F96447862AB466FA00DB5412 /* MainQuranProvider.swift */; };
		F96447892AB467A000DB5412 /* QuranDataDependencyContainer.swift in Sources */ = {isa = PBXBuildFile; fileRef = F96447882AB467A000DB5412 /* QuranDataDependencyContainer.swift */; };
		F968AC772AC0F25C0086F841 /* SelectedSurahView.swift in Sources */ = {isa = PBXBuildFile; fileRef = F968AC762AC0F25C0086F841 /* SelectedSurahView.swift */; };
		F968AC792AC0F3690086F841 /* SelectTranslationVersesView.swift in Sources */ = {isa = PBXBuildFile; fileRef = F968AC782AC0F3690086F841 /* SelectTranslationVersesView.swift */; };
		F98C231B2ABE2C8E00FED70E /* UrduTranslation.swift in Sources */ = {isa = PBXBuildFile; fileRef = F98C231A2ABE2C8E00FED70E /* UrduTranslation.swift */; };
		F992EBA92AB3CC1A00649632 /* ScheherazadeNew-Regular.ttf in Resources */ = {isa = PBXBuildFile; fileRef = F992EBA52AB3CC1A00649632 /* ScheherazadeNew-Regular.ttf */; };
		F992EBAA2AB3CC1A00649632 /* ScheherazadeNew-SemiBold.ttf in Resources */ = {isa = PBXBuildFile; fileRef = F992EBA62AB3CC1A00649632 /* ScheherazadeNew-SemiBold.ttf */; };
		F992EBAB2AB3CC1A00649632 /* ScheherazadeNew-Bold.ttf in Resources */ = {isa = PBXBuildFile; fileRef = F992EBA72AB3CC1A00649632 /* ScheherazadeNew-Bold.ttf */; };
		F992EBAC2AB3CC1A00649632 /* ScheherazadeNew-Medium.ttf in Resources */ = {isa = PBXBuildFile; fileRef = F992EBA82AB3CC1A00649632 /* ScheherazadeNew-Medium.ttf */; };
		F9D60D012A76C69D00701635 /* QuranQuizApp.swift in Sources */ = {isa = PBXBuildFile; fileRef = F9D60D002A76C69D00701635 /* QuranQuizApp.swift */; };
		F9D60D052A76C69E00701635 /* Assets.xcassets in Resources */ = {isa = PBXBuildFile; fileRef = F9D60D042A76C69E00701635 /* Assets.xcassets */; };
		F9D60D082A76C69E00701635 /* Preview Assets.xcassets in Resources */ = {isa = PBXBuildFile; fileRef = F9D60D072A76C69E00701635 /* Preview Assets.xcassets */; };
		F9D60D152A76C6AC00701635 /* QuizViewModel.swift in Sources */ = {isa = PBXBuildFile; fileRef = F9D60D102A76C6AC00701635 /* QuizViewModel.swift */; };
		F9D60D162A76C6AC00701635 /* Verse.swift in Sources */ = {isa = PBXBuildFile; fileRef = F9D60D122A76C6AC00701635 /* Verse.swift */; };
		F9D60D172A76C6AC00701635 /* QuizView.swift in Sources */ = {isa = PBXBuildFile; fileRef = F9D60D142A76C6AC00701635 /* QuizView.swift */; };
		F9D60D1A2A76C6CA00701635 /* Bundle+Decode.swift in Sources */ = {isa = PBXBuildFile; fileRef = F9D60D192A76C6CA00701635 /* Bundle+Decode.swift */; };
		F9D60D2F2A77DD9600701635 /* QuizPDFPreview.swift in Sources */ = {isa = PBXBuildFile; fileRef = F9D60D2E2A77DD9600701635 /* QuizPDFPreview.swift */; };
		F9D60D332A77E01300701635 /* PDFGenerator.swift in Sources */ = {isa = PBXBuildFile; fileRef = F9D60D322A77E01300701635 /* PDFGenerator.swift */; };
		F9D60D362A7852F400701635 /* PDFDocument+Transferable.swift in Sources */ = {isa = PBXBuildFile; fileRef = F9D60D352A7852F400701635 /* PDFDocument+Transferable.swift */; };
		F9D60D392A78534B00701635 /* PDFKitView+UIViewRepresentable.swift in Sources */ = {isa = PBXBuildFile; fileRef = F9D60D382A78534B00701635 /* PDFKitView+UIViewRepresentable.swift */; };
		F9D90A4F2ACD850000CD8FD4 /* Localizable.xcstrings in Resources */ = {isa = PBXBuildFile; fileRef = F9D90A4E2ACD850000CD8FD4 /* Localizable.xcstrings */; };
		F9F11E0C2AC4D66800100507 /* FlexibleViewContainerViewModel.swift in Sources */ = {isa = PBXBuildFile; fileRef = F9F11E0B2AC4D66800100507 /* FlexibleViewContainerViewModel.swift */; };
/* End PBXBuildFile section */

/* Begin PBXContainerItemProxy section */
		F950FADC2AB4BA0000CB45B5 /* PBXContainerItemProxy */ = {
			isa = PBXContainerItemProxy;
			containerPortal = F9D60CF52A76C69D00701635 /* Project object */;
			proxyType = 1;
			remoteGlobalIDString = F9D60CFC2A76C69D00701635;
			remoteInfo = QuranMajeed;
		};
/* End PBXContainerItemProxy section */

/* Begin PBXFileReference section */
		76C1F8DA2AC2421900085DA2 /* QuizVerse.swift */ = {isa = PBXFileReference; lastKnownFileType = sourcecode.swift; path = QuizVerse.swift; sourceTree = "<group>"; };
		76C1F8DC2AC2444B00085DA2 /* WordForWordsMeaning.swift */ = {isa = PBXFileReference; lastKnownFileType = sourcecode.swift; path = WordForWordsMeaning.swift; sourceTree = "<group>"; };
		F91766422AC0FF2800792D2F /* SelectVersesForWordsMeaningView.swift */ = {isa = PBXFileReference; lastKnownFileType = sourcecode.swift; path = SelectVersesForWordsMeaningView.swift; sourceTree = "<group>"; };
		F91766472AC3A3DC00792D2F /* FlexibleView.swift */ = {isa = PBXFileReference; fileEncoding = 4; lastKnownFileType = sourcecode.swift; path = FlexibleView.swift; sourceTree = "<group>"; };
		F91766482AC3A3DC00792D2F /* FlexibleViewContainer.swift */ = {isa = PBXFileReference; fileEncoding = 4; lastKnownFileType = sourcecode.swift; path = FlexibleViewContainer.swift; sourceTree = "<group>"; };
		F91766492AC3A3DC00792D2F /* _FlexibleView.swift */ = {isa = PBXFileReference; fileEncoding = 4; lastKnownFileType = sourcecode.swift; path = _FlexibleView.swift; sourceTree = "<group>"; };
		F917664A2AC3A3DC00792D2F /* SizeReader.swift */ = {isa = PBXFileReference; fileEncoding = 4; lastKnownFileType = sourcecode.swift; path = SizeReader.swift; sourceTree = "<group>"; };
		F917664F2AC3A47900792D2F /* README.md */ = {isa = PBXFileReference; fileEncoding = 4; lastKnownFileType = net.daringfireball.markdown; path = README.md; sourceTree = "<group>"; };
		F91839482AB7AF2800E4D45B /* Sura+localizedName.swift */ = {isa = PBXFileReference; lastKnownFileType = sourcecode.swift; path = "Sura+localizedName.swift"; sourceTree = "<group>"; };
		F918394A2AB7B10E00E4D45B /* SuraListView.swift */ = {isa = PBXFileReference; lastKnownFileType = sourcecode.swift; path = SuraListView.swift; sourceTree = "<group>"; };
		F918394C2AB7B69900E4D45B /* SuraNameView.swift */ = {isa = PBXFileReference; lastKnownFileType = sourcecode.swift; path = SuraNameView.swift; sourceTree = "<group>"; };
		F91839612AB7D0BA00E4D45B /* LoggingAnalyticsLibrary.swift */ = {isa = PBXFileReference; lastKnownFileType = sourcecode.swift; path = LoggingAnalyticsLibrary.swift; sourceTree = "<group>"; };
		F91839652AB7D98D00E4D45B /* VerseListView.swift */ = {isa = PBXFileReference; lastKnownFileType = sourcecode.swift; path = VerseListView.swift; sourceTree = "<group>"; };
		F936509C2AE1FB3C007773CE /* GenericDataSource */ = {isa = PBXFileReference; lastKnownFileType = wrapper; name = GenericDataSource; path = ../../../../Documents/GitHub/GenericDataSource; sourceTree = "<group>"; };
		F94C11C32AB2F962004BAD10 /* AppDependencyContainer.swift */ = {isa = PBXFileReference; lastKnownFileType = sourcecode.swift; path = AppDependencyContainer.swift; sourceTree = "<group>"; };
		F950FAD82AB4BA0000CB45B5 /* Al-TanzeelTests.xctest */ = {isa = PBXFileReference; explicitFileType = wrapper.cfbundle; includeInIndex = 0; path = "Al-TanzeelTests.xctest"; sourceTree = BUILT_PRODUCTS_DIR; };
		F950FAE12AB4BA6400CB45B5 /* QuranMajeedTests-Bridging-Header.h */ = {isa = PBXFileReference; lastKnownFileType = sourcecode.c.h; path = "QuranMajeedTests-Bridging-Header.h"; sourceTree = "<group>"; };
		F950FAE22AB4BA6400CB45B5 /* SurasTests.swift */ = {isa = PBXFileReference; lastKnownFileType = sourcecode.swift; path = SurasTests.swift; sourceTree = "<group>"; };
		F952CFC82A90273C0039478F /* Quran_ur.json */ = {isa = PBXFileReference; fileEncoding = 4; lastKnownFileType = text.json; path = Quran_ur.json; sourceTree = "<group>"; };
		F952CFCA2A903FFB0039478F /* NotoNastaliqUrdu-VariableFont_wght.ttf */ = {isa = PBXFileReference; lastKnownFileType = file; path = "NotoNastaliqUrdu-VariableFont_wght.ttf"; sourceTree = "<group>"; };
		F952CFCB2A90425D0039478F /* Jameel Noori Nastaleeq Regular.ttf */ = {isa = PBXFileReference; lastKnownFileType = file; path = "Jameel Noori Nastaleeq Regular.ttf"; sourceTree = "<group>"; };
		F952CFD12A96D6BA0039478F /* String+size.swift */ = {isa = PBXFileReference; lastKnownFileType = sourcecode.swift; path = "String+size.swift"; sourceTree = "<group>"; };
		F952CFD32A96D6E50039478F /* NSAttributedString+size.swift */ = {isa = PBXFileReference; lastKnownFileType = sourcecode.swift; path = "NSAttributedString+size.swift"; sourceTree = "<group>"; };
		F96447792AB454F200DB5412 /* QuranRepository.swift */ = {isa = PBXFileReference; lastKnownFileType = sourcecode.swift; path = QuranRepository.swift; sourceTree = "<group>"; };
		F964477B2AB4561900DB5412 /* MainQuranRepository.swift */ = {isa = PBXFileReference; lastKnownFileType = sourcecode.swift; path = MainQuranRepository.swift; sourceTree = "<group>"; };
		F964477E2AB457AE00DB5412 /* QuranService.swift */ = {isa = PBXFileReference; lastKnownFileType = sourcecode.swift; path = QuranService.swift; sourceTree = "<group>"; };
		F96447802AB457B400DB5412 /* MainQuranService.swift */ = {isa = PBXFileReference; lastKnownFileType = sourcecode.swift; path = MainQuranService.swift; sourceTree = "<group>"; };
		F96447842AB466CC00DB5412 /* QuranProvider.swift */ = {isa = PBXFileReference; lastKnownFileType = sourcecode.swift; path = QuranProvider.swift; sourceTree = "<group>"; };
		F96447862AB466FA00DB5412 /* MainQuranProvider.swift */ = {isa = PBXFileReference; lastKnownFileType = sourcecode.swift; path = MainQuranProvider.swift; sourceTree = "<group>"; };
		F96447882AB467A000DB5412 /* QuranDataDependencyContainer.swift */ = {isa = PBXFileReference; lastKnownFileType = sourcecode.swift; path = QuranDataDependencyContainer.swift; sourceTree = "<group>"; };
		F968AC762AC0F25C0086F841 /* SelectedSurahView.swift */ = {isa = PBXFileReference; lastKnownFileType = sourcecode.swift; path = SelectedSurahView.swift; sourceTree = "<group>"; };
		F968AC782AC0F3690086F841 /* SelectTranslationVersesView.swift */ = {isa = PBXFileReference; lastKnownFileType = sourcecode.swift; path = SelectTranslationVersesView.swift; sourceTree = "<group>"; };
		F98C231A2ABE2C8E00FED70E /* UrduTranslation.swift */ = {isa = PBXFileReference; lastKnownFileType = sourcecode.swift; path = UrduTranslation.swift; sourceTree = "<group>"; };
		F992EBA52AB3CC1A00649632 /* ScheherazadeNew-Regular.ttf */ = {isa = PBXFileReference; lastKnownFileType = file; path = "ScheherazadeNew-Regular.ttf"; sourceTree = "<group>"; };
		F992EBA62AB3CC1A00649632 /* ScheherazadeNew-SemiBold.ttf */ = {isa = PBXFileReference; lastKnownFileType = file; path = "ScheherazadeNew-SemiBold.ttf"; sourceTree = "<group>"; };
		F992EBA72AB3CC1A00649632 /* ScheherazadeNew-Bold.ttf */ = {isa = PBXFileReference; lastKnownFileType = file; path = "ScheherazadeNew-Bold.ttf"; sourceTree = "<group>"; };
		F992EBA82AB3CC1A00649632 /* ScheherazadeNew-Medium.ttf */ = {isa = PBXFileReference; lastKnownFileType = file; path = "ScheherazadeNew-Medium.ttf"; sourceTree = "<group>"; };
		F9D60CFD2A76C69D00701635 /* Al-Tanzeel.app */ = {isa = PBXFileReference; explicitFileType = wrapper.application; includeInIndex = 0; path = "Al-Tanzeel.app"; sourceTree = BUILT_PRODUCTS_DIR; };
		F9D60D002A76C69D00701635 /* QuranQuizApp.swift */ = {isa = PBXFileReference; lastKnownFileType = sourcecode.swift; path = QuranQuizApp.swift; sourceTree = "<group>"; };
		F9D60D042A76C69E00701635 /* Assets.xcassets */ = {isa = PBXFileReference; lastKnownFileType = folder.assetcatalog; path = Assets.xcassets; sourceTree = "<group>"; };
		F9D60D072A76C69E00701635 /* Preview Assets.xcassets */ = {isa = PBXFileReference; lastKnownFileType = folder.assetcatalog; path = "Preview Assets.xcassets"; sourceTree = "<group>"; };
		F9D60D102A76C6AC00701635 /* QuizViewModel.swift */ = {isa = PBXFileReference; fileEncoding = 4; lastKnownFileType = sourcecode.swift; path = QuizViewModel.swift; sourceTree = "<group>"; };
		F9D60D122A76C6AC00701635 /* Verse.swift */ = {isa = PBXFileReference; fileEncoding = 4; lastKnownFileType = sourcecode.swift; path = Verse.swift; sourceTree = "<group>"; };
		F9D60D142A76C6AC00701635 /* QuizView.swift */ = {isa = PBXFileReference; fileEncoding = 4; lastKnownFileType = sourcecode.swift; path = QuizView.swift; sourceTree = "<group>"; };
		F9D60D192A76C6CA00701635 /* Bundle+Decode.swift */ = {isa = PBXFileReference; fileEncoding = 4; lastKnownFileType = sourcecode.swift; path = "Bundle+Decode.swift"; sourceTree = "<group>"; };
		F9D60D252A76C6EF00701635 /* pdms-saleem-quranfont.ttf */ = {isa = PBXFileReference; lastKnownFileType = file; path = "pdms-saleem-quranfont.ttf"; sourceTree = "<group>"; };
		F9D60D262A76C6EF00701635 /* diwani-bent.ttf */ = {isa = PBXFileReference; lastKnownFileType = file; path = "diwani-bent.ttf"; sourceTree = "<group>"; };
		F9D60D272A76C6EF00701635 /* UthmanTN1Ver10.otf */ = {isa = PBXFileReference; lastKnownFileType = file; path = UthmanTN1Ver10.otf; sourceTree = "<group>"; };
		F9D60D2B2A76C6FE00701635 /* Info.plist */ = {isa = PBXFileReference; lastKnownFileType = text.plist; path = Info.plist; sourceTree = "<group>"; };
		F9D60D2E2A77DD9600701635 /* QuizPDFPreview.swift */ = {isa = PBXFileReference; lastKnownFileType = sourcecode.swift; path = QuizPDFPreview.swift; sourceTree = "<group>"; };
		F9D60D322A77E01300701635 /* PDFGenerator.swift */ = {isa = PBXFileReference; lastKnownFileType = sourcecode.swift; path = PDFGenerator.swift; sourceTree = "<group>"; };
		F9D60D352A7852F400701635 /* PDFDocument+Transferable.swift */ = {isa = PBXFileReference; lastKnownFileType = sourcecode.swift; path = "PDFDocument+Transferable.swift"; sourceTree = "<group>"; };
		F9D60D382A78534B00701635 /* PDFKitView+UIViewRepresentable.swift */ = {isa = PBXFileReference; lastKnownFileType = sourcecode.swift; path = "PDFKitView+UIViewRepresentable.swift"; sourceTree = "<group>"; };
		F9D90A4E2ACD850000CD8FD4 /* Localizable.xcstrings */ = {isa = PBXFileReference; lastKnownFileType = text.json.xcstrings; path = Localizable.xcstrings; sourceTree = "<group>"; };
		F9F11E0B2AC4D66800100507 /* FlexibleViewContainerViewModel.swift */ = {isa = PBXFileReference; lastKnownFileType = sourcecode.swift; path = FlexibleViewContainerViewModel.swift; sourceTree = "<group>"; };
/* End PBXFileReference section */

/* Begin PBXFrameworksBuildPhase section */
		F950FAD52AB4BA0000CB45B5 /* Frameworks */ = {
			isa = PBXFrameworksBuildPhase;
			buildActionMask = 2147483647;
			files = (
			);
			runOnlyForDeploymentPostprocessing = 0;
		};
		F9D60CFA2A76C69D00701635 /* Frameworks */ = {
			isa = PBXFrameworksBuildPhase;
			buildActionMask = 2147483647;
			files = (
				763539D92AB799E500CC27FD /* QuranTextKit in Frameworks */,
				F91839592AB7CB6300E4D45B /* CoreDataModel in Frameworks */,
				F91839572AB7C90000E4D45B /* NotePersistence in Frameworks */,
				F918395F2AB7CDA700E4D45B /* AppStructureFeature in Frameworks */,
				F91839552AB7C90000E4D45B /* LastPagePersistence in Frameworks */,
				763539D02AB7943600CC27FD /* QuranKit in Frameworks */,
				F918395B2AB7CB6300E4D45B /* CoreDataPersistence in Frameworks */,
				763539D52AB7975500CC27FD /* ReadingService in Frameworks */,
				F918395D2AB7CB6300E4D45B /* CoreDataPersistenceTestSupport in Frameworks */,
				F91839532AB7C86500E4D45B /* Analytics in Frameworks */,
				763539D72AB7998A00CC27FD /* Localization in Frameworks */,
			);
			runOnlyForDeploymentPostprocessing = 0;
		};
/* End PBXFrameworksBuildPhase section */

/* Begin PBXGroup section */
		763539D12AB7954000CC27FD /* Frameworks */ = {
			isa = PBXGroup;
			children = (
			);
			name = Frameworks;
			sourceTree = "<group>";
		};
		76C1F8D22AC2291000085DA2 /* CustomComponents */ = {
			isa = PBXGroup;
			children = (
				F91766462AC3A3CD00792D2F /* FlexibleLayout */,
			);
			path = CustomComponents;
			sourceTree = "<group>";
		};
		F91766462AC3A3CD00792D2F /* FlexibleLayout */ = {
			isa = PBXGroup;
			children = (
				F917664F2AC3A47900792D2F /* README.md */,
				F9F11E0F2AC4D6F000100507 /* View */,
				F9F11E102AC4D6FD00100507 /* ViewModel */,
			);
			path = FlexibleLayout;
			sourceTree = "<group>";
		};
		F91839472AB7AF0600E4D45B /* Model */ = {
			isa = PBXGroup;
			children = (
				F91839482AB7AF2800E4D45B /* Sura+localizedName.swift */,
				F98C231A2ABE2C8E00FED70E /* UrduTranslation.swift */,
			);
			path = Model;
			sourceTree = "<group>";
		};
		F91839602AB7D0AC00E4D45B /* Utilities */ = {
			isa = PBXGroup;
			children = (
				F91839612AB7D0BA00E4D45B /* LoggingAnalyticsLibrary.swift */,
			);
			path = Utilities;
			sourceTree = "<group>";
		};
		F950FAD92AB4BA0000CB45B5 /* QuranMajeedTests */ = {
			isa = PBXGroup;
			children = (
				F950FAE22AB4BA6400CB45B5 /* SurasTests.swift */,
				F950FAE12AB4BA6400CB45B5 /* QuranMajeedTests-Bridging-Header.h */,
			);
			path = QuranMajeedTests;
			sourceTree = "<group>";
		};
		F952CFCE2A96D6770039478F /* Bundle */ = {
			isa = PBXGroup;
			children = (
				F9D60D192A76C6CA00701635 /* Bundle+Decode.swift */,
			);
			path = Bundle;
			sourceTree = "<group>";
		};
		F952CFCF2A96D67F0039478F /* PDFDocument */ = {
			isa = PBXGroup;
			children = (
				F9D60D352A7852F400701635 /* PDFDocument+Transferable.swift */,
			);
			path = PDFDocument;
			sourceTree = "<group>";
		};
		F952CFD02A96D6940039478F /* String */ = {
			isa = PBXGroup;
			children = (
				F952CFD12A96D6BA0039478F /* String+size.swift */,
				F952CFD32A96D6E50039478F /* NSAttributedString+size.swift */,
			);
			path = String;
			sourceTree = "<group>";
		};
		F96447772AB4545D00DB5412 /* Repository */ = {
			isa = PBXGroup;
			children = (
				F96447792AB454F200DB5412 /* QuranRepository.swift */,
				F964477B2AB4561900DB5412 /* MainQuranRepository.swift */,
			);
			path = Repository;
			sourceTree = "<group>";
		};
		F96447782AB454D300DB5412 /* DependencyContainer */ = {
			isa = PBXGroup;
			children = (
				F96447882AB467A000DB5412 /* QuranDataDependencyContainer.swift */,
			);
			path = DependencyContainer;
			sourceTree = "<group>";
		};
		F964477D2AB4579F00DB5412 /* Service */ = {
			isa = PBXGroup;
			children = (
				F964477E2AB457AE00DB5412 /* QuranService.swift */,
				F96447802AB457B400DB5412 /* MainQuranService.swift */,
			);
			path = Service;
			sourceTree = "<group>";
		};
		F96447822AB4668A00DB5412 /* Provider */ = {
			isa = PBXGroup;
			children = (
				F96447842AB466CC00DB5412 /* QuranProvider.swift */,
				F96447862AB466FA00DB5412 /* MainQuranProvider.swift */,
			);
			path = Provider;
			sourceTree = "<group>";
		};
		F96447832AB466B400DB5412 /* Quran */ = {
			isa = PBXGroup;
			children = (
				F91839472AB7AF0600E4D45B /* Model */,
				F96447782AB454D300DB5412 /* DependencyContainer */,
				F96447772AB4545D00DB5412 /* Repository */,
				F964477D2AB4579F00DB5412 /* Service */,
				F96447822AB4668A00DB5412 /* Provider */,
			);
			path = Quran;
			sourceTree = "<group>";
		};
		F9A105312AB31BD2008FA0DE /* QuranMajeed */ = {
			isa = PBXGroup;
			children = (
				F91839602AB7D0AC00E4D45B /* Utilities */,
				F96447832AB466B400DB5412 /* Quran */,
			);
			path = QuranMajeed;
			sourceTree = "<group>";
		};
		F9D60CF42A76C69D00701635 = {
			isa = PBXGroup;
			children = (
				F9D60CFF2A76C69D00701635 /* QuranMajeed */,
				F950FAD92AB4BA0000CB45B5 /* QuranMajeedTests */,
				F9D60CFE2A76C69D00701635 /* Products */,
				763539D12AB7954000CC27FD /* Frameworks */,
			);
			sourceTree = "<group>";
		};
		F9D60CFE2A76C69D00701635 /* Products */ = {
			isa = PBXGroup;
			children = (
				F9D60CFD2A76C69D00701635 /* Al-Tanzeel.app */,
				F950FAD82AB4BA0000CB45B5 /* Al-TanzeelTests.xctest */,
			);
			name = Products;
			sourceTree = "<group>";
		};
		F9D60CFF2A76C69D00701635 /* QuranMajeed */ = {
			isa = PBXGroup;
			children = (
				F936509C2AE1FB3C007773CE /* GenericDataSource */,
				F9A105312AB31BD2008FA0DE /* QuranMajeed */,
				F9D60D0E2A76C6AC00701635 /* Quiz */,
				F9D60D372A78531600701635 /* UIViewRepresentable */,
				F9D60D182A76C6BA00701635 /* Extensions */,
				F9D60D1B2A76C6DB00701635 /* JSON Files */,
				F9D60D2B2A76C6FE00701635 /* Info.plist */,
				F94C11C32AB2F962004BAD10 /* AppDependencyContainer.swift */,
				F9D60D002A76C69D00701635 /* QuranQuizApp.swift */,
				F9D60D242A76C6EF00701635 /* fonts */,
				F9D60D042A76C69E00701635 /* Assets.xcassets */,
				F9D60D062A76C69E00701635 /* Preview Content */,
				F9D90A4E2ACD850000CD8FD4 /* Localizable.xcstrings */,
			);
			path = QuranMajeed;
			sourceTree = "<group>";
		};
		F9D60D062A76C69E00701635 /* Preview Content */ = {
			isa = PBXGroup;
			children = (
				F9D60D072A76C69E00701635 /* Preview Assets.xcassets */,
			);
			path = "Preview Content";
			sourceTree = "<group>";
		};
		F9D60D0E2A76C6AC00701635 /* Quiz */ = {
			isa = PBXGroup;
			children = (
				76C1F8D22AC2291000085DA2 /* CustomComponents */,
				F9D60D2C2A77DD7E00701635 /* PDFPreview */,
				F9D60D3B2A78550700701635 /* Main */,
			);
			path = Quiz;
			sourceTree = "<group>";
		};
		F9D60D0F2A76C6AC00701635 /* ViewModel */ = {
			isa = PBXGroup;
			children = (
				F9D60D102A76C6AC00701635 /* QuizViewModel.swift */,
			);
			path = ViewModel;
			sourceTree = "<group>";
		};
		F9D60D112A76C6AC00701635 /* Model */ = {
			isa = PBXGroup;
			children = (
				F9D60D122A76C6AC00701635 /* Verse.swift */,
				76C1F8DA2AC2421900085DA2 /* QuizVerse.swift */,
				76C1F8DC2AC2444B00085DA2 /* WordForWordsMeaning.swift */,
			);
			path = Model;
			sourceTree = "<group>";
		};
		F9D60D132A76C6AC00701635 /* View */ = {
			isa = PBXGroup;
			children = (
				F9D60D142A76C6AC00701635 /* QuizView.swift */,
				F918394A2AB7B10E00E4D45B /* SuraListView.swift */,
				F918394C2AB7B69900E4D45B /* SuraNameView.swift */,
				F91839652AB7D98D00E4D45B /* VerseListView.swift */,
				F968AC762AC0F25C0086F841 /* SelectedSurahView.swift */,
				F968AC782AC0F3690086F841 /* SelectTranslationVersesView.swift */,
				F91766422AC0FF2800792D2F /* SelectVersesForWordsMeaningView.swift */,
			);
			path = View;
			sourceTree = "<group>";
		};
		F9D60D182A76C6BA00701635 /* Extensions */ = {
			isa = PBXGroup;
			children = (
				F952CFCE2A96D6770039478F /* Bundle */,
				F952CFCF2A96D67F0039478F /* PDFDocument */,
				F952CFD02A96D6940039478F /* String */,
			);
			path = Extensions;
			sourceTree = "<group>";
		};
		F9D60D1B2A76C6DB00701635 /* JSON Files */ = {
			isa = PBXGroup;
			children = (
				F952CFC82A90273C0039478F /* Quran_ur.json */,
			);
			path = "JSON Files";
			sourceTree = "<group>";
		};
		F9D60D242A76C6EF00701635 /* fonts */ = {
			isa = PBXGroup;
			children = (
				F992EBA72AB3CC1A00649632 /* ScheherazadeNew-Bold.ttf */,
				F992EBA82AB3CC1A00649632 /* ScheherazadeNew-Medium.ttf */,
				F992EBA52AB3CC1A00649632 /* ScheherazadeNew-Regular.ttf */,
				F992EBA62AB3CC1A00649632 /* ScheherazadeNew-SemiBold.ttf */,
				F952CFCA2A903FFB0039478F /* NotoNastaliqUrdu-VariableFont_wght.ttf */,
				F952CFCB2A90425D0039478F /* Jameel Noori Nastaleeq Regular.ttf */,
				F9D60D252A76C6EF00701635 /* pdms-saleem-quranfont.ttf */,
				F9D60D262A76C6EF00701635 /* diwani-bent.ttf */,
				F9D60D272A76C6EF00701635 /* UthmanTN1Ver10.otf */,
			);
			path = fonts;
			sourceTree = "<group>";
		};
		F9D60D2C2A77DD7E00701635 /* PDFPreview */ = {
			isa = PBXGroup;
			children = (
				F9D60D342A77E01900701635 /* Utility */,
				F9D60D2D2A77DD8900701635 /* View */,
			);
			path = PDFPreview;
			sourceTree = "<group>";
		};
		F9D60D2D2A77DD8900701635 /* View */ = {
			isa = PBXGroup;
			children = (
				F9D60D2E2A77DD9600701635 /* QuizPDFPreview.swift */,
			);
			path = View;
			sourceTree = "<group>";
		};
		F9D60D342A77E01900701635 /* Utility */ = {
			isa = PBXGroup;
			children = (
				F9D60D322A77E01300701635 /* PDFGenerator.swift */,
			);
			path = Utility;
			sourceTree = "<group>";
		};
		F9D60D372A78531600701635 /* UIViewRepresentable */ = {
			isa = PBXGroup;
			children = (
				F9D60D382A78534B00701635 /* PDFKitView+UIViewRepresentable.swift */,
			);
			path = UIViewRepresentable;
			sourceTree = "<group>";
		};
		F9D60D3B2A78550700701635 /* Main */ = {
			isa = PBXGroup;
			children = (
				F9D60D0F2A76C6AC00701635 /* ViewModel */,
				F9D60D112A76C6AC00701635 /* Model */,
				F9D60D132A76C6AC00701635 /* View */,
			);
			path = Main;
			sourceTree = "<group>";
		};
		F9F11E0F2AC4D6F000100507 /* View */ = {
			isa = PBXGroup;
			children = (
				F91766492AC3A3DC00792D2F /* _FlexibleView.swift */,
				F91766482AC3A3DC00792D2F /* FlexibleViewContainer.swift */,
				F91766472AC3A3DC00792D2F /* FlexibleView.swift */,
				F917664A2AC3A3DC00792D2F /* SizeReader.swift */,
			);
			path = View;
			sourceTree = "<group>";
		};
		F9F11E102AC4D6FD00100507 /* ViewModel */ = {
			isa = PBXGroup;
			children = (
				F9F11E0B2AC4D66800100507 /* FlexibleViewContainerViewModel.swift */,
			);
			path = ViewModel;
			sourceTree = "<group>";
		};
/* End PBXGroup section */

/* Begin PBXNativeTarget section */
		F950FAD72AB4BA0000CB45B5 /* Al-TanzeelTests */ = {
			isa = PBXNativeTarget;
			buildConfigurationList = F950FADE2AB4BA0000CB45B5 /* Build configuration list for PBXNativeTarget "Al-TanzeelTests" */;
			buildPhases = (
				F950FAD42AB4BA0000CB45B5 /* Sources */,
				F950FAD52AB4BA0000CB45B5 /* Frameworks */,
				F950FAD62AB4BA0000CB45B5 /* Resources */,
			);
			buildRules = (
			);
			dependencies = (
				F950FADD2AB4BA0000CB45B5 /* PBXTargetDependency */,
			);
			name = "Al-TanzeelTests";
			productName = QuranMajeedTests;
			productReference = F950FAD82AB4BA0000CB45B5 /* Al-TanzeelTests.xctest */;
			productType = "com.apple.product-type.bundle.unit-test";
		};
		F9D60CFC2A76C69D00701635 /* Al-Tanzeel */ = {
			isa = PBXNativeTarget;
			buildConfigurationList = F9D60D0B2A76C69E00701635 /* Build configuration list for PBXNativeTarget "Al-Tanzeel" */;
			buildPhases = (
				F9D60CF92A76C69D00701635 /* Sources */,
				F9D60CFA2A76C69D00701635 /* Frameworks */,
				F9D60CFB2A76C69D00701635 /* Resources */,
			);
			buildRules = (
			);
			dependencies = (
			);
			name = "Al-Tanzeel";
			packageProductDependencies = (
				763539CF2AB7943600CC27FD /* QuranKit */,
				763539D42AB7975500CC27FD /* ReadingService */,
				763539D62AB7998A00CC27FD /* Localization */,
				763539D82AB799E500CC27FD /* QuranTextKit */,
				F91839522AB7C86500E4D45B /* Analytics */,
				F91839542AB7C90000E4D45B /* LastPagePersistence */,
				F91839562AB7C90000E4D45B /* NotePersistence */,
				F91839582AB7CB6300E4D45B /* CoreDataModel */,
				F918395A2AB7CB6300E4D45B /* CoreDataPersistence */,
				F918395C2AB7CB6300E4D45B /* CoreDataPersistenceTestSupport */,
				F918395E2AB7CDA700E4D45B /* AppStructureFeature */,
			);
			productName = QuranQuiz;
			productReference = F9D60CFD2A76C69D00701635 /* Al-Tanzeel.app */;
			productType = "com.apple.product-type.application";
		};
/* End PBXNativeTarget section */

/* Begin PBXProject section */
		F9D60CF52A76C69D00701635 /* Project object */ = {
			isa = PBXProject;
			attributes = {
				BuildIndependentTargetsInParallel = 1;
				LastSwiftUpdateCheck = 1500;
				LastUpgradeCheck = 1500;
				ORGANIZATIONNAME = Islam;
				TargetAttributes = {
					F950FAD72AB4BA0000CB45B5 = {
						CreatedOnToolsVersion = 15.0;
						LastSwiftMigration = 1500;
						TestTargetID = F9D60CFC2A76C69D00701635;
					};
					F9D60CFC2A76C69D00701635 = {
						CreatedOnToolsVersion = 14.3.1;
					};
				};
			};
			buildConfigurationList = F9D60CF82A76C69D00701635 /* Build configuration list for PBXProject "Al-Tanzeel" */;
			compatibilityVersion = "Xcode 14.0";
			developmentRegion = en;
			hasScannedForEncodings = 0;
			knownRegions = (
				en,
				Base,
				ar,
				ur,
				"ur-Arab-PK",
			);
			mainGroup = F9D60CF42A76C69D00701635;
			packageReferences = (
				763539CE2AB7943600CC27FD /* XCRemoteSwiftPackageReference "quran-ios" */,
			);
			productRefGroup = F9D60CFE2A76C69D00701635 /* Products */;
			projectDirPath = "";
			projectRoot = "";
			targets = (
				F9D60CFC2A76C69D00701635 /* Al-Tanzeel */,
				F950FAD72AB4BA0000CB45B5 /* Al-TanzeelTests */,
			);
		};
/* End PBXProject section */

/* Begin PBXResourcesBuildPhase section */
		F950FAD62AB4BA0000CB45B5 /* Resources */ = {
			isa = PBXResourcesBuildPhase;
			buildActionMask = 2147483647;
			files = (
			);
			runOnlyForDeploymentPostprocessing = 0;
		};
		F9D60CFB2A76C69D00701635 /* Resources */ = {
			isa = PBXResourcesBuildPhase;
			buildActionMask = 2147483647;
			files = (
				F9D60D082A76C69E00701635 /* Preview Assets.xcassets in Resources */,
				F94C11BC2AB2986D004BAD10 /* NotoNastaliqUrdu-VariableFont_wght.ttf in Resources */,
				F992EBAB2AB3CC1A00649632 /* ScheherazadeNew-Bold.ttf in Resources */,
				F94C11BB2AB2986D004BAD10 /* pdms-saleem-quranfont.ttf in Resources */,
				F91766502AC3A47900792D2F /* README.md in Resources */,
				F992EBAC2AB3CC1A00649632 /* ScheherazadeNew-Medium.ttf in Resources */,
				F992EBAA2AB3CC1A00649632 /* ScheherazadeNew-SemiBold.ttf in Resources */,
				F94C11BD2AB2986D004BAD10 /* diwani-bent.ttf in Resources */,
				F94C11C22AB2986D004BAD10 /* UthmanTN1Ver10.otf in Resources */,
				F94C11C12AB2986D004BAD10 /* Jameel Noori Nastaleeq Regular.ttf in Resources */,
				F992EBA92AB3CC1A00649632 /* ScheherazadeNew-Regular.ttf in Resources */,
				F952CFC92A90273C0039478F /* Quran_ur.json in Resources */,
				F9D90A4F2ACD850000CD8FD4 /* Localizable.xcstrings in Resources */,
				F9D60D052A76C69E00701635 /* Assets.xcassets in Resources */,
			);
			runOnlyForDeploymentPostprocessing = 0;
		};
/* End PBXResourcesBuildPhase section */

/* Begin PBXSourcesBuildPhase section */
		F950FAD42AB4BA0000CB45B5 /* Sources */ = {
			isa = PBXSourcesBuildPhase;
			buildActionMask = 2147483647;
			files = (
				F950FAE32AB4BA6400CB45B5 /* SurasTests.swift in Sources */,
			);
			runOnlyForDeploymentPostprocessing = 0;
		};
		F9D60CF92A76C69D00701635 /* Sources */ = {
			isa = PBXSourcesBuildPhase;
			buildActionMask = 2147483647;
			files = (
				F9F11E0C2AC4D66800100507 /* FlexibleViewContainerViewModel.swift in Sources */,
				F96447892AB467A000DB5412 /* QuranDataDependencyContainer.swift in Sources */,
				F9D60D2F2A77DD9600701635 /* QuizPDFPreview.swift in Sources */,
				F91839662AB7D98D00E4D45B /* VerseListView.swift in Sources */,
				F952CFD22A96D6BA0039478F /* String+size.swift in Sources */,
				F917664E2AC3A3DC00792D2F /* SizeReader.swift in Sources */,
				F968AC792AC0F3690086F841 /* SelectTranslationVersesView.swift in Sources */,
				F964477C2AB4561900DB5412 /* MainQuranRepository.swift in Sources */,
				F968AC772AC0F25C0086F841 /* SelectedSurahView.swift in Sources */,
				F9D60D362A7852F400701635 /* PDFDocument+Transferable.swift in Sources */,
				F9D60D1A2A76C6CA00701635 /* Bundle+Decode.swift in Sources */,
				F918394D2AB7B69900E4D45B /* SuraNameView.swift in Sources */,
				F952CFD42A96D6E50039478F /* NSAttributedString+size.swift in Sources */,
				F96447852AB466CC00DB5412 /* QuranProvider.swift in Sources */,
				F9D60D152A76C6AC00701635 /* QuizViewModel.swift in Sources */,
				F9D60D332A77E01300701635 /* PDFGenerator.swift in Sources */,
				F9D60D172A76C6AC00701635 /* QuizView.swift in Sources */,
				F91839622AB7D0BA00E4D45B /* LoggingAnalyticsLibrary.swift in Sources */,
				F9D60D012A76C69D00701635 /* QuranQuizApp.swift in Sources */,
				F98C231B2ABE2C8E00FED70E /* UrduTranslation.swift in Sources */,
				F917664D2AC3A3DC00792D2F /* _FlexibleView.swift in Sources */,
				F917664B2AC3A3DC00792D2F /* FlexibleView.swift in Sources */,
				F9D60D162A76C6AC00701635 /* Verse.swift in Sources */,
				76C1F8DD2AC2444B00085DA2 /* WordForWordsMeaning.swift in Sources */,
				F91839492AB7AF2800E4D45B /* Sura+localizedName.swift in Sources */,
				F917664C2AC3A3DC00792D2F /* FlexibleViewContainer.swift in Sources */,
				F91766432AC0FF2800792D2F /* SelectVersesForWordsMeaningView.swift in Sources */,
				76C1F8DB2AC2421900085DA2 /* QuizVerse.swift in Sources */,
				F94C11C42AB2F962004BAD10 /* AppDependencyContainer.swift in Sources */,
				F96447872AB466FA00DB5412 /* MainQuranProvider.swift in Sources */,
				F918394B2AB7B10E00E4D45B /* SuraListView.swift in Sources */,
				F9D60D392A78534B00701635 /* PDFKitView+UIViewRepresentable.swift in Sources */,
				F964477F2AB457AE00DB5412 /* QuranService.swift in Sources */,
				F96447812AB457B400DB5412 /* MainQuranService.swift in Sources */,
				F964477A2AB454F200DB5412 /* QuranRepository.swift in Sources */,
			);
			runOnlyForDeploymentPostprocessing = 0;
		};
/* End PBXSourcesBuildPhase section */

/* Begin PBXTargetDependency section */
		F950FADD2AB4BA0000CB45B5 /* PBXTargetDependency */ = {
			isa = PBXTargetDependency;
			target = F9D60CFC2A76C69D00701635 /* Al-Tanzeel */;
			targetProxy = F950FADC2AB4BA0000CB45B5 /* PBXContainerItemProxy */;
		};
/* End PBXTargetDependency section */

/* Begin XCBuildConfiguration section */
		F950FADF2AB4BA0000CB45B5 /* Debug */ = {
			isa = XCBuildConfiguration;
			buildSettings = {
				BUNDLE_LOADER = "$(TEST_HOST)";
				CLANG_ENABLE_MODULES = YES;
				CODE_SIGN_STYLE = Automatic;
				CURRENT_PROJECT_VERSION = 1;
				GCC_C_LANGUAGE_STANDARD = gnu17;
				GENERATE_INFOPLIST_FILE = YES;
				IPHONEOS_DEPLOYMENT_TARGET = 17.0;
				LOCALIZATION_PREFERS_STRING_CATALOGS = YES;
				MARKETING_VERSION = 1.0;
				PRODUCT_BUNDLE_IDENTIFIER = com.takasurazeem.QuranMajeedTests;
				PRODUCT_NAME = "$(TARGET_NAME)";
				SWIFT_ACTIVE_COMPILATION_CONDITIONS = "DEBUG $(inherited)";
				SWIFT_EMIT_LOC_STRINGS = NO;
				SWIFT_OBJC_BRIDGING_HEADER = "QuranMajeedTests/QuranMajeedTests-Bridging-Header.h";
				SWIFT_OPTIMIZATION_LEVEL = "-Onone";
				SWIFT_VERSION = 5.0;
				TARGETED_DEVICE_FAMILY = "1,2";
				TEST_HOST = "$(BUILT_PRODUCTS_DIR)/Al-Tanzeel.app/$(BUNDLE_EXECUTABLE_FOLDER_PATH)/Al-Tanzeel";
			};
			name = Debug;
		};
		F950FAE02AB4BA0000CB45B5 /* Release */ = {
			isa = XCBuildConfiguration;
			buildSettings = {
				BUNDLE_LOADER = "$(TEST_HOST)";
				CLANG_ENABLE_MODULES = YES;
				CODE_SIGN_STYLE = Automatic;
				CURRENT_PROJECT_VERSION = 1;
				GCC_C_LANGUAGE_STANDARD = gnu17;
				GENERATE_INFOPLIST_FILE = YES;
				IPHONEOS_DEPLOYMENT_TARGET = 17.0;
				LOCALIZATION_PREFERS_STRING_CATALOGS = YES;
				MARKETING_VERSION = 1.0;
				PRODUCT_BUNDLE_IDENTIFIER = com.takasurazeem.QuranMajeedTests;
				PRODUCT_NAME = "$(TARGET_NAME)";
				SWIFT_EMIT_LOC_STRINGS = NO;
				SWIFT_OBJC_BRIDGING_HEADER = "QuranMajeedTests/QuranMajeedTests-Bridging-Header.h";
				SWIFT_VERSION = 5.0;
				TARGETED_DEVICE_FAMILY = "1,2";
				TEST_HOST = "$(BUILT_PRODUCTS_DIR)/Al-Tanzeel.app/$(BUNDLE_EXECUTABLE_FOLDER_PATH)/Al-Tanzeel";
			};
			name = Release;
		};
		F9D60D092A76C69E00701635 /* Debug */ = {
			isa = XCBuildConfiguration;
			buildSettings = {
				ALWAYS_SEARCH_USER_PATHS = NO;
				ASSETCATALOG_COMPILER_GENERATE_SWIFT_ASSET_SYMBOL_EXTENSIONS = YES;
				CLANG_ANALYZER_LOCALIZABILITY_NONLOCALIZED = YES;
				CLANG_ANALYZER_NONNULL = YES;
				CLANG_ANALYZER_NUMBER_OBJECT_CONVERSION = YES_AGGRESSIVE;
				CLANG_CXX_LANGUAGE_STANDARD = "gnu++20";
				CLANG_ENABLE_MODULES = YES;
				CLANG_ENABLE_OBJC_ARC = YES;
				CLANG_ENABLE_OBJC_WEAK = YES;
				CLANG_WARN_BLOCK_CAPTURE_AUTORELEASING = YES;
				CLANG_WARN_BOOL_CONVERSION = YES;
				CLANG_WARN_COMMA = YES;
				CLANG_WARN_CONSTANT_CONVERSION = YES;
				CLANG_WARN_DEPRECATED_OBJC_IMPLEMENTATIONS = YES;
				CLANG_WARN_DIRECT_OBJC_ISA_USAGE = YES_ERROR;
				CLANG_WARN_DOCUMENTATION_COMMENTS = YES;
				CLANG_WARN_EMPTY_BODY = YES;
				CLANG_WARN_ENUM_CONVERSION = YES;
				CLANG_WARN_INFINITE_RECURSION = YES;
				CLANG_WARN_INT_CONVERSION = YES;
				CLANG_WARN_NON_LITERAL_NULL_CONVERSION = YES;
				CLANG_WARN_OBJC_IMPLICIT_RETAIN_SELF = YES;
				CLANG_WARN_OBJC_LITERAL_CONVERSION = YES;
				CLANG_WARN_OBJC_ROOT_CLASS = YES_ERROR;
				CLANG_WARN_QUOTED_INCLUDE_IN_FRAMEWORK_HEADER = YES;
				CLANG_WARN_RANGE_LOOP_ANALYSIS = YES;
				CLANG_WARN_STRICT_PROTOTYPES = YES;
				CLANG_WARN_SUSPICIOUS_MOVE = YES;
				CLANG_WARN_UNGUARDED_AVAILABILITY = YES_AGGRESSIVE;
				CLANG_WARN_UNREACHABLE_CODE = YES;
				CLANG_WARN__DUPLICATE_METHOD_MATCH = YES;
				COPY_PHASE_STRIP = NO;
				DEBUG_INFORMATION_FORMAT = dwarf;
				ENABLE_STRICT_OBJC_MSGSEND = YES;
				ENABLE_TESTABILITY = YES;
				ENABLE_USER_SCRIPT_SANDBOXING = YES;
				GCC_C_LANGUAGE_STANDARD = gnu11;
				GCC_DYNAMIC_NO_PIC = NO;
				GCC_NO_COMMON_BLOCKS = YES;
				GCC_OPTIMIZATION_LEVEL = 0;
				GCC_PREPROCESSOR_DEFINITIONS = (
					"DEBUG=1",
					"$(inherited)",
				);
				GCC_WARN_64_TO_32_BIT_CONVERSION = YES;
				GCC_WARN_ABOUT_RETURN_TYPE = YES_ERROR;
				GCC_WARN_UNDECLARED_SELECTOR = YES;
				GCC_WARN_UNINITIALIZED_AUTOS = YES_AGGRESSIVE;
				GCC_WARN_UNUSED_FUNCTION = YES;
				GCC_WARN_UNUSED_VARIABLE = YES;
				IPHONEOS_DEPLOYMENT_TARGET = 16.0;
				MTL_ENABLE_DEBUG_INFO = INCLUDE_SOURCE;
				MTL_FAST_MATH = YES;
				ONLY_ACTIVE_ARCH = YES;
				SDKROOT = iphoneos;
				SWIFT_ACTIVE_COMPILATION_CONDITIONS = DEBUG;
				SWIFT_OPTIMIZATION_LEVEL = "-Onone";
			};
			name = Debug;
		};
		F9D60D0A2A76C69E00701635 /* Release */ = {
			isa = XCBuildConfiguration;
			buildSettings = {
				ALWAYS_SEARCH_USER_PATHS = NO;
				ASSETCATALOG_COMPILER_GENERATE_SWIFT_ASSET_SYMBOL_EXTENSIONS = YES;
				CLANG_ANALYZER_LOCALIZABILITY_NONLOCALIZED = YES;
				CLANG_ANALYZER_NONNULL = YES;
				CLANG_ANALYZER_NUMBER_OBJECT_CONVERSION = YES_AGGRESSIVE;
				CLANG_CXX_LANGUAGE_STANDARD = "gnu++20";
				CLANG_ENABLE_MODULES = YES;
				CLANG_ENABLE_OBJC_ARC = YES;
				CLANG_ENABLE_OBJC_WEAK = YES;
				CLANG_WARN_BLOCK_CAPTURE_AUTORELEASING = YES;
				CLANG_WARN_BOOL_CONVERSION = YES;
				CLANG_WARN_COMMA = YES;
				CLANG_WARN_CONSTANT_CONVERSION = YES;
				CLANG_WARN_DEPRECATED_OBJC_IMPLEMENTATIONS = YES;
				CLANG_WARN_DIRECT_OBJC_ISA_USAGE = YES_ERROR;
				CLANG_WARN_DOCUMENTATION_COMMENTS = YES;
				CLANG_WARN_EMPTY_BODY = YES;
				CLANG_WARN_ENUM_CONVERSION = YES;
				CLANG_WARN_INFINITE_RECURSION = YES;
				CLANG_WARN_INT_CONVERSION = YES;
				CLANG_WARN_NON_LITERAL_NULL_CONVERSION = YES;
				CLANG_WARN_OBJC_IMPLICIT_RETAIN_SELF = YES;
				CLANG_WARN_OBJC_LITERAL_CONVERSION = YES;
				CLANG_WARN_OBJC_ROOT_CLASS = YES_ERROR;
				CLANG_WARN_QUOTED_INCLUDE_IN_FRAMEWORK_HEADER = YES;
				CLANG_WARN_RANGE_LOOP_ANALYSIS = YES;
				CLANG_WARN_STRICT_PROTOTYPES = YES;
				CLANG_WARN_SUSPICIOUS_MOVE = YES;
				CLANG_WARN_UNGUARDED_AVAILABILITY = YES_AGGRESSIVE;
				CLANG_WARN_UNREACHABLE_CODE = YES;
				CLANG_WARN__DUPLICATE_METHOD_MATCH = YES;
				COPY_PHASE_STRIP = NO;
				DEBUG_INFORMATION_FORMAT = "dwarf-with-dsym";
				ENABLE_NS_ASSERTIONS = NO;
				ENABLE_STRICT_OBJC_MSGSEND = YES;
				ENABLE_USER_SCRIPT_SANDBOXING = YES;
				GCC_C_LANGUAGE_STANDARD = gnu11;
				GCC_NO_COMMON_BLOCKS = YES;
				GCC_WARN_64_TO_32_BIT_CONVERSION = YES;
				GCC_WARN_ABOUT_RETURN_TYPE = YES_ERROR;
				GCC_WARN_UNDECLARED_SELECTOR = YES;
				GCC_WARN_UNINITIALIZED_AUTOS = YES_AGGRESSIVE;
				GCC_WARN_UNUSED_FUNCTION = YES;
				GCC_WARN_UNUSED_VARIABLE = YES;
				IPHONEOS_DEPLOYMENT_TARGET = 16.0;
				MTL_ENABLE_DEBUG_INFO = NO;
				MTL_FAST_MATH = YES;
				SDKROOT = iphoneos;
				SWIFT_COMPILATION_MODE = wholemodule;
				SWIFT_OPTIMIZATION_LEVEL = "-O";
				VALIDATE_PRODUCT = YES;
			};
			name = Release;
		};
		F9D60D0C2A76C69E00701635 /* Debug */ = {
			isa = XCBuildConfiguration;
			buildSettings = {
				ASSETCATALOG_COMPILER_APPICON_NAME = AppIcon;
				ASSETCATALOG_COMPILER_GLOBAL_ACCENT_COLOR_NAME = AccentColor;
				CODE_SIGN_STYLE = Automatic;
				CURRENT_PROJECT_VERSION = 1;
				DEVELOPMENT_ASSET_PATHS = "\"QuranMajeed/Preview Content\"";
				DEVELOPMENT_TEAM = 95B9YTC3G2;
				ENABLE_PREVIEWS = YES;
				GENERATE_INFOPLIST_FILE = YES;
				INFOPLIST_FILE = QuranMajeed/Info.plist;
				INFOPLIST_KEY_LSApplicationCategoryType = "public.app-category.education";
				INFOPLIST_KEY_UIApplicationSupportsIndirectInputEvents = YES;
				INFOPLIST_KEY_UILaunchScreen_Generation = YES;
				INFOPLIST_KEY_UISupportedInterfaceOrientations_iPad = "UIInterfaceOrientationPortrait UIInterfaceOrientationPortraitUpsideDown UIInterfaceOrientationLandscapeLeft UIInterfaceOrientationLandscapeRight";
				INFOPLIST_KEY_UISupportedInterfaceOrientations_iPhone = "UIInterfaceOrientationPortrait UIInterfaceOrientationLandscapeLeft UIInterfaceOrientationLandscapeRight";
				LD_RUNPATH_SEARCH_PATHS = (
					"$(inherited)",
					"@executable_path/Frameworks",
				);
				MARKETING_VERSION = 1.0;
				PRODUCT_BUNDLE_IDENTIFIER = com.takasurazeem.QuranMajeed;
				PRODUCT_NAME = "$(TARGET_NAME)";
				SWIFT_EMIT_LOC_STRINGS = YES;
				SWIFT_VERSION = 5.0;
				TARGETED_DEVICE_FAMILY = "1,2";
			};
			name = Debug;
		};
		F9D60D0D2A76C69E00701635 /* Release */ = {
			isa = XCBuildConfiguration;
			buildSettings = {
				ASSETCATALOG_COMPILER_APPICON_NAME = AppIcon;
				ASSETCATALOG_COMPILER_GLOBAL_ACCENT_COLOR_NAME = AccentColor;
				CODE_SIGN_STYLE = Automatic;
				CURRENT_PROJECT_VERSION = 1;
				DEVELOPMENT_ASSET_PATHS = "\"QuranMajeed/Preview Content\"";
				DEVELOPMENT_TEAM = 95B9YTC3G2;
				ENABLE_PREVIEWS = YES;
				GENERATE_INFOPLIST_FILE = YES;
				INFOPLIST_FILE = QuranMajeed/Info.plist;
				INFOPLIST_KEY_LSApplicationCategoryType = "public.app-category.education";
				INFOPLIST_KEY_UIApplicationSupportsIndirectInputEvents = YES;
				INFOPLIST_KEY_UILaunchScreen_Generation = YES;
				INFOPLIST_KEY_UISupportedInterfaceOrientations_iPad = "UIInterfaceOrientationPortrait UIInterfaceOrientationPortraitUpsideDown UIInterfaceOrientationLandscapeLeft UIInterfaceOrientationLandscapeRight";
				INFOPLIST_KEY_UISupportedInterfaceOrientations_iPhone = "UIInterfaceOrientationPortrait UIInterfaceOrientationLandscapeLeft UIInterfaceOrientationLandscapeRight";
				LD_RUNPATH_SEARCH_PATHS = (
					"$(inherited)",
					"@executable_path/Frameworks",
				);
				MARKETING_VERSION = 1.0;
				PRODUCT_BUNDLE_IDENTIFIER = com.takasurazeem.QuranMajeed;
				PRODUCT_NAME = "$(TARGET_NAME)";
				SWIFT_EMIT_LOC_STRINGS = YES;
				SWIFT_VERSION = 5.0;
				TARGETED_DEVICE_FAMILY = "1,2";
			};
			name = Release;
		};
/* End XCBuildConfiguration section */

/* Begin XCConfigurationList section */
		F950FADE2AB4BA0000CB45B5 /* Build configuration list for PBXNativeTarget "Al-TanzeelTests" */ = {
			isa = XCConfigurationList;
			buildConfigurations = (
				F950FADF2AB4BA0000CB45B5 /* Debug */,
				F950FAE02AB4BA0000CB45B5 /* Release */,
			);
			defaultConfigurationIsVisible = 0;
			defaultConfigurationName = Release;
		};
		F9D60CF82A76C69D00701635 /* Build configuration list for PBXProject "Al-Tanzeel" */ = {
			isa = XCConfigurationList;
			buildConfigurations = (
				F9D60D092A76C69E00701635 /* Debug */,
				F9D60D0A2A76C69E00701635 /* Release */,
			);
			defaultConfigurationIsVisible = 0;
			defaultConfigurationName = Release;
		};
		F9D60D0B2A76C69E00701635 /* Build configuration list for PBXNativeTarget "Al-Tanzeel" */ = {
			isa = XCConfigurationList;
			buildConfigurations = (
				F9D60D0C2A76C69E00701635 /* Debug */,
				F9D60D0D2A76C69E00701635 /* Release */,
			);
			defaultConfigurationIsVisible = 0;
			defaultConfigurationName = Release;
		};
/* End XCConfigurationList section */

/* Begin XCRemoteSwiftPackageReference section */
		763539CE2AB7943600CC27FD /* XCRemoteSwiftPackageReference "quran-ios" */ = {
			isa = XCRemoteSwiftPackageReference;
			repositoryURL = "https://github.com/quran/quran-ios";
			requirement = {
				branch = main;
				kind = branch;
			};
		};
/* End XCRemoteSwiftPackageReference section */

/* Begin XCSwiftPackageProductDependency section */
		763539CF2AB7943600CC27FD /* QuranKit */ = {
			isa = XCSwiftPackageProductDependency;
			package = 763539CE2AB7943600CC27FD /* XCRemoteSwiftPackageReference "quran-ios" */;
			productName = QuranKit;
		};
		763539D42AB7975500CC27FD /* ReadingService */ = {
			isa = XCSwiftPackageProductDependency;
			package = 763539CE2AB7943600CC27FD /* XCRemoteSwiftPackageReference "quran-ios" */;
			productName = ReadingService;
		};
		763539D62AB7998A00CC27FD /* Localization */ = {
			isa = XCSwiftPackageProductDependency;
			package = 763539CE2AB7943600CC27FD /* XCRemoteSwiftPackageReference "quran-ios" */;
			productName = Localization;
		};
		763539D82AB799E500CC27FD /* QuranTextKit */ = {
			isa = XCSwiftPackageProductDependency;
			package = 763539CE2AB7943600CC27FD /* XCRemoteSwiftPackageReference "quran-ios" */;
			productName = QuranTextKit;
		};
		F91839522AB7C86500E4D45B /* Analytics */ = {
			isa = XCSwiftPackageProductDependency;
			package = 763539CE2AB7943600CC27FD /* XCRemoteSwiftPackageReference "quran-ios" */;
			productName = Analytics;
		};
		F91839542AB7C90000E4D45B /* LastPagePersistence */ = {
			isa = XCSwiftPackageProductDependency;
			package = 763539CE2AB7943600CC27FD /* XCRemoteSwiftPackageReference "quran-ios" */;
			productName = LastPagePersistence;
		};
		F91839562AB7C90000E4D45B /* NotePersistence */ = {
			isa = XCSwiftPackageProductDependency;
			package = 763539CE2AB7943600CC27FD /* XCRemoteSwiftPackageReference "quran-ios" */;
			productName = NotePersistence;
		};
		F91839582AB7CB6300E4D45B /* CoreDataModel */ = {
			isa = XCSwiftPackageProductDependency;
			package = 763539CE2AB7943600CC27FD /* XCRemoteSwiftPackageReference "quran-ios" */;
			productName = CoreDataModel;
		};
		F918395A2AB7CB6300E4D45B /* CoreDataPersistence */ = {
			isa = XCSwiftPackageProductDependency;
			package = 763539CE2AB7943600CC27FD /* XCRemoteSwiftPackageReference "quran-ios" */;
			productName = CoreDataPersistence;
		};
		F918395C2AB7CB6300E4D45B /* CoreDataPersistenceTestSupport */ = {
			isa = XCSwiftPackageProductDependency;
			package = 763539CE2AB7943600CC27FD /* XCRemoteSwiftPackageReference "quran-ios" */;
			productName = CoreDataPersistenceTestSupport;
		};
		F918395E2AB7CDA700E4D45B /* AppStructureFeature */ = {
			isa = XCSwiftPackageProductDependency;
			package = 763539CE2AB7943600CC27FD /* XCRemoteSwiftPackageReference "quran-ios" */;
			productName = AppStructureFeature;
		};
/* End XCSwiftPackageProductDependency section */
	};
	rootObject = F9D60CF52A76C69D00701635 /* Project object */;
}
